
Microsoft Visual Studio Solution File, Format Version 12.00
# Visual Studio 14
VisualStudioVersion = 14.0.25420.1
MinimumVisualStudioVersion = 10.0.40219.1
Project("{FAE04EC0-301F-11D3-BF4B-00C04F79EFBC}") = "Markify", "src\Markify\Markify.csproj", "{B7973B9F-7AC3-4D73-B23A-94627E86B202}"
	ProjectSection(ProjectDependencies) = postProject
		{D9A8FB2A-FC1A-4A2B-A5A3-17D72B712A04} = {D9A8FB2A-FC1A-4A2B-A5A3-17D72B712A04}
	EndProjectSection
EndProject
Project("{2150E333-8FDC-42A3-9474-1A3956D46DE8}") = "src", "src", "{41C416FB-0EFB-4217-BB20-63F50AF46B35}"
EndProject
Project("{FAE04EC0-301F-11D3-BF4B-00C04F79EFBC}") = "Markify.Core", "src\Markify.Core\Markify.Core.csproj", "{8833BF6E-806F-483D-BA70-FF92B09E625D}"
EndProject
Project("{2150E333-8FDC-42A3-9474-1A3956D46DE8}") = "tests", "tests", "{E13F561B-BF8E-4A67-AC18-EC85159ECFAA}"
EndProject
Project("{F2A71F9B-5D33-465A-A702-920D77279786}") = "Markify.Roslyn", "src\Markify.Roslyn\Markify.Roslyn.fsproj", "{2940AD3D-13E8-4025-860C-47FC94932B52}"
EndProject
Project("{F2A71F9B-5D33-465A-A702-920D77279786}") = "Markify.Roslyn.Tests", "tests\Markify.Roslyn.Tests\Markify.Roslyn.Tests.fsproj", "{DB454C1B-17C7-4499-B627-B5058BBFB639}"
EndProject
Project("{FAE04EC0-301F-11D3-BF4B-00C04F79EFBC}") = "Markify.Fixtures", "tests\Markify.Fixtures\Markify.Fixtures.csproj", "{1435B850-0FFC-4E4B-B74C-C72EB6723A61}"
EndProject
Project("{F2A71F9B-5D33-465A-A702-920D77279786}") = "Markify.Models", "src\Markify.Models\Markify.Models.fsproj", "{2A8DFDC1-8752-4784-B962-6D0B9AD1541A}"
EndProject
Project("{F2A71F9B-5D33-465A-A702-920D77279786}") = "Markify.Core.FSharp", "src\Markify.Core.FSharp\Markify.Core.FSharp.fsproj", "{D9A8FB2A-FC1A-4A2B-A5A3-17D72B712A04}"
EndProject
Project("{F2A71F9B-5D33-465A-A702-920D77279786}") = "Markify.Core.FSharp.Tests", "tests\Markify.Core.FSharp.Tests\Markify.Core.FSharp.Tests.fsproj", "{1362A48A-D27E-4C44-8B68-37DD0CE23D6C}"
EndProject
Project("{FAE04EC0-301F-11D3-BF4B-00C04F79EFBC}") = "Markify.Core.Tests", "tests\Markify.Core.Tests\Markify.Core.Tests.csproj", "{E4620671-DB1A-45A5-AC52-A110635FB4DF}"
EndProject
Project("{F2A71F9B-5D33-465A-A702-920D77279786}") = "Markify.Document", "src\Markify.Document\Markify.Document.fsproj", "{EBC40E4E-DB5B-4EC0-9186-860350D2A4CF}"
EndProject
Project("{F2A71F9B-5D33-465A-A702-920D77279786}") = "Markify.Document.Tests", "tests\Markify.Document.Tests\Markify.Document.Tests.fsproj", "{2F97D51E-30CE-4F98-A9CC-64AD0F57406A}"
EndProject
Project("{FAE04EC0-301F-11D3-BF4B-00C04F79EFBC}") = "Markify.Rendering", "src\Markify.Rendering\Markify.Rendering.csproj", "{6B9CE3E8-68DA-4EB9-8362-58A289B51E76}"
EndProject
Project("{FAE04EC0-301F-11D3-BF4B-00C04F79EFBC}") = "Markify.Rendering.T4.Tests", "tests\Markify.Rendering.T4.Tests\Markify.Rendering.T4.Tests.csproj", "{9D9BFCFF-7408-4518-91C0-9BD523D33B92}"
EndProject
Project("{FAE04EC0-301F-11D3-BF4B-00C04F79EFBC}") = "Markify.Rendering.T4", "src\Markify.Rendering.T4\Markify.Rendering.T4.csproj", "{BAD50507-B3A7-4B18-A870-A7AF22D5EBD3}"
EndProject
Project("{FAE04EC0-301F-11D3-BF4B-00C04F79EFBC}") = "Markify.Rendering.Tests", "tests\Markify.Rendering.Tests\Markify.Rendering.Tests.csproj", "{BE45AE0E-0D29-4782-B06D-C733EBBEF95E}"
EndProject
Global
	GlobalSection(SolutionConfigurationPlatforms) = preSolution
		Debug|Any CPU = Debug|Any CPU
		Debug|ARM = Debug|ARM
		Debug|x64 = Debug|x64
		Debug|x86 = Debug|x86
		Release|Any CPU = Release|Any CPU
		Release|ARM = Release|ARM
		Release|x64 = Release|x64
		Release|x86 = Release|x86
	EndGlobalSection
	GlobalSection(ProjectConfigurationPlatforms) = postSolution
		{B7973B9F-7AC3-4D73-B23A-94627E86B202}.Debug|Any CPU.ActiveCfg = Debug|Any CPU
		{B7973B9F-7AC3-4D73-B23A-94627E86B202}.Debug|Any CPU.Build.0 = Debug|Any CPU
		{B7973B9F-7AC3-4D73-B23A-94627E86B202}.Debug|ARM.ActiveCfg = Debug|Any CPU
		{B7973B9F-7AC3-4D73-B23A-94627E86B202}.Debug|ARM.Build.0 = Debug|Any CPU
		{B7973B9F-7AC3-4D73-B23A-94627E86B202}.Debug|x64.ActiveCfg = Debug|Any CPU
		{B7973B9F-7AC3-4D73-B23A-94627E86B202}.Debug|x64.Build.0 = Debug|Any CPU
		{B7973B9F-7AC3-4D73-B23A-94627E86B202}.Debug|x86.ActiveCfg = Debug|Any CPU
		{B7973B9F-7AC3-4D73-B23A-94627E86B202}.Debug|x86.Build.0 = Debug|Any CPU
		{B7973B9F-7AC3-4D73-B23A-94627E86B202}.Release|Any CPU.ActiveCfg = Release|Any CPU
		{B7973B9F-7AC3-4D73-B23A-94627E86B202}.Release|Any CPU.Build.0 = Release|Any CPU
		{B7973B9F-7AC3-4D73-B23A-94627E86B202}.Release|ARM.ActiveCfg = Release|Any CPU
		{B7973B9F-7AC3-4D73-B23A-94627E86B202}.Release|ARM.Build.0 = Release|Any CPU
		{B7973B9F-7AC3-4D73-B23A-94627E86B202}.Release|x64.ActiveCfg = Release|Any CPU
		{B7973B9F-7AC3-4D73-B23A-94627E86B202}.Release|x64.Build.0 = Release|Any CPU
		{B7973B9F-7AC3-4D73-B23A-94627E86B202}.Release|x86.ActiveCfg = Release|Any CPU
		{B7973B9F-7AC3-4D73-B23A-94627E86B202}.Release|x86.Build.0 = Release|Any CPU
		{8833BF6E-806F-483D-BA70-FF92B09E625D}.Debug|Any CPU.ActiveCfg = Debug|Any CPU
		{8833BF6E-806F-483D-BA70-FF92B09E625D}.Debug|Any CPU.Build.0 = Debug|Any CPU
		{8833BF6E-806F-483D-BA70-FF92B09E625D}.Debug|ARM.ActiveCfg = Debug|Any CPU
		{8833BF6E-806F-483D-BA70-FF92B09E625D}.Debug|ARM.Build.0 = Debug|Any CPU
		{8833BF6E-806F-483D-BA70-FF92B09E625D}.Debug|x64.ActiveCfg = Debug|Any CPU
		{8833BF6E-806F-483D-BA70-FF92B09E625D}.Debug|x64.Build.0 = Debug|Any CPU
		{8833BF6E-806F-483D-BA70-FF92B09E625D}.Debug|x86.ActiveCfg = Debug|Any CPU
		{8833BF6E-806F-483D-BA70-FF92B09E625D}.Debug|x86.Build.0 = Debug|Any CPU
		{8833BF6E-806F-483D-BA70-FF92B09E625D}.Release|Any CPU.ActiveCfg = Release|Any CPU
		{8833BF6E-806F-483D-BA70-FF92B09E625D}.Release|Any CPU.Build.0 = Release|Any CPU
		{8833BF6E-806F-483D-BA70-FF92B09E625D}.Release|ARM.ActiveCfg = Release|Any CPU
		{8833BF6E-806F-483D-BA70-FF92B09E625D}.Release|ARM.Build.0 = Release|Any CPU
		{8833BF6E-806F-483D-BA70-FF92B09E625D}.Release|x64.ActiveCfg = Release|Any CPU
		{8833BF6E-806F-483D-BA70-FF92B09E625D}.Release|x64.Build.0 = Release|Any CPU
		{8833BF6E-806F-483D-BA70-FF92B09E625D}.Release|x86.ActiveCfg = Release|Any CPU
		{8833BF6E-806F-483D-BA70-FF92B09E625D}.Release|x86.Build.0 = Release|Any CPU
		{2940AD3D-13E8-4025-860C-47FC94932B52}.Debug|Any CPU.ActiveCfg = Debug|Any CPU
		{2940AD3D-13E8-4025-860C-47FC94932B52}.Debug|Any CPU.Build.0 = Debug|Any CPU
		{2940AD3D-13E8-4025-860C-47FC94932B52}.Debug|ARM.ActiveCfg = Debug|Any CPU
		{2940AD3D-13E8-4025-860C-47FC94932B52}.Debug|ARM.Build.0 = Debug|Any CPU
		{2940AD3D-13E8-4025-860C-47FC94932B52}.Debug|x64.ActiveCfg = Debug|Any CPU
		{2940AD3D-13E8-4025-860C-47FC94932B52}.Debug|x64.Build.0 = Debug|Any CPU
		{2940AD3D-13E8-4025-860C-47FC94932B52}.Debug|x86.ActiveCfg = Debug|Any CPU
		{2940AD3D-13E8-4025-860C-47FC94932B52}.Debug|x86.Build.0 = Debug|Any CPU
		{2940AD3D-13E8-4025-860C-47FC94932B52}.Release|Any CPU.ActiveCfg = Release|Any CPU
		{2940AD3D-13E8-4025-860C-47FC94932B52}.Release|Any CPU.Build.0 = Release|Any CPU
		{2940AD3D-13E8-4025-860C-47FC94932B52}.Release|ARM.ActiveCfg = Release|Any CPU
		{2940AD3D-13E8-4025-860C-47FC94932B52}.Release|ARM.Build.0 = Release|Any CPU
		{2940AD3D-13E8-4025-860C-47FC94932B52}.Release|x64.ActiveCfg = Release|Any CPU
		{2940AD3D-13E8-4025-860C-47FC94932B52}.Release|x64.Build.0 = Release|Any CPU
		{2940AD3D-13E8-4025-860C-47FC94932B52}.Release|x86.ActiveCfg = Release|Any CPU
		{2940AD3D-13E8-4025-860C-47FC94932B52}.Release|x86.Build.0 = Release|Any CPU
		{DB454C1B-17C7-4499-B627-B5058BBFB639}.Debug|Any CPU.ActiveCfg = Debug|Any CPU
		{DB454C1B-17C7-4499-B627-B5058BBFB639}.Debug|Any CPU.Build.0 = Debug|Any CPU
		{DB454C1B-17C7-4499-B627-B5058BBFB639}.Debug|ARM.ActiveCfg = Debug|Any CPU
		{DB454C1B-17C7-4499-B627-B5058BBFB639}.Debug|ARM.Build.0 = Debug|Any CPU
		{DB454C1B-17C7-4499-B627-B5058BBFB639}.Debug|x64.ActiveCfg = Debug|Any CPU
		{DB454C1B-17C7-4499-B627-B5058BBFB639}.Debug|x64.Build.0 = Debug|Any CPU
		{DB454C1B-17C7-4499-B627-B5058BBFB639}.Debug|x86.ActiveCfg = Debug|Any CPU
		{DB454C1B-17C7-4499-B627-B5058BBFB639}.Debug|x86.Build.0 = Debug|Any CPU
		{DB454C1B-17C7-4499-B627-B5058BBFB639}.Release|Any CPU.ActiveCfg = Release|Any CPU
		{DB454C1B-17C7-4499-B627-B5058BBFB639}.Release|Any CPU.Build.0 = Release|Any CPU
		{DB454C1B-17C7-4499-B627-B5058BBFB639}.Release|ARM.ActiveCfg = Release|Any CPU
		{DB454C1B-17C7-4499-B627-B5058BBFB639}.Release|ARM.Build.0 = Release|Any CPU
		{DB454C1B-17C7-4499-B627-B5058BBFB639}.Release|x64.ActiveCfg = Release|Any CPU
		{DB454C1B-17C7-4499-B627-B5058BBFB639}.Release|x64.Build.0 = Release|Any CPU
		{DB454C1B-17C7-4499-B627-B5058BBFB639}.Release|x86.ActiveCfg = Release|Any CPU
		{DB454C1B-17C7-4499-B627-B5058BBFB639}.Release|x86.Build.0 = Release|Any CPU
		{1435B850-0FFC-4E4B-B74C-C72EB6723A61}.Debug|Any CPU.ActiveCfg = Debug|Any CPU
		{1435B850-0FFC-4E4B-B74C-C72EB6723A61}.Debug|Any CPU.Build.0 = Debug|Any CPU
		{1435B850-0FFC-4E4B-B74C-C72EB6723A61}.Debug|ARM.ActiveCfg = Debug|Any CPU
		{1435B850-0FFC-4E4B-B74C-C72EB6723A61}.Debug|ARM.Build.0 = Debug|Any CPU
		{1435B850-0FFC-4E4B-B74C-C72EB6723A61}.Debug|x64.ActiveCfg = Debug|Any CPU
		{1435B850-0FFC-4E4B-B74C-C72EB6723A61}.Debug|x64.Build.0 = Debug|Any CPU
		{1435B850-0FFC-4E4B-B74C-C72EB6723A61}.Debug|x86.ActiveCfg = Debug|Any CPU
		{1435B850-0FFC-4E4B-B74C-C72EB6723A61}.Debug|x86.Build.0 = Debug|Any CPU
		{1435B850-0FFC-4E4B-B74C-C72EB6723A61}.Release|Any CPU.ActiveCfg = Release|Any CPU
		{1435B850-0FFC-4E4B-B74C-C72EB6723A61}.Release|Any CPU.Build.0 = Release|Any CPU
		{1435B850-0FFC-4E4B-B74C-C72EB6723A61}.Release|ARM.ActiveCfg = Release|Any CPU
		{1435B850-0FFC-4E4B-B74C-C72EB6723A61}.Release|ARM.Build.0 = Release|Any CPU
		{1435B850-0FFC-4E4B-B74C-C72EB6723A61}.Release|x64.ActiveCfg = Release|Any CPU
		{1435B850-0FFC-4E4B-B74C-C72EB6723A61}.Release|x64.Build.0 = Release|Any CPU
		{1435B850-0FFC-4E4B-B74C-C72EB6723A61}.Release|x86.ActiveCfg = Release|Any CPU
		{1435B850-0FFC-4E4B-B74C-C72EB6723A61}.Release|x86.Build.0 = Release|Any CPU
		{2A8DFDC1-8752-4784-B962-6D0B9AD1541A}.Debug|Any CPU.ActiveCfg = Debug|Any CPU
		{2A8DFDC1-8752-4784-B962-6D0B9AD1541A}.Debug|Any CPU.Build.0 = Debug|Any CPU
		{2A8DFDC1-8752-4784-B962-6D0B9AD1541A}.Debug|ARM.ActiveCfg = Debug|Any CPU
		{2A8DFDC1-8752-4784-B962-6D0B9AD1541A}.Debug|ARM.Build.0 = Debug|Any CPU
		{2A8DFDC1-8752-4784-B962-6D0B9AD1541A}.Debug|x64.ActiveCfg = Debug|Any CPU
		{2A8DFDC1-8752-4784-B962-6D0B9AD1541A}.Debug|x64.Build.0 = Debug|Any CPU
		{2A8DFDC1-8752-4784-B962-6D0B9AD1541A}.Debug|x86.ActiveCfg = Debug|Any CPU
		{2A8DFDC1-8752-4784-B962-6D0B9AD1541A}.Debug|x86.Build.0 = Debug|Any CPU
		{2A8DFDC1-8752-4784-B962-6D0B9AD1541A}.Release|Any CPU.ActiveCfg = Release|Any CPU
		{2A8DFDC1-8752-4784-B962-6D0B9AD1541A}.Release|Any CPU.Build.0 = Release|Any CPU
		{2A8DFDC1-8752-4784-B962-6D0B9AD1541A}.Release|ARM.ActiveCfg = Release|Any CPU
		{2A8DFDC1-8752-4784-B962-6D0B9AD1541A}.Release|ARM.Build.0 = Release|Any CPU
		{2A8DFDC1-8752-4784-B962-6D0B9AD1541A}.Release|x64.ActiveCfg = Release|Any CPU
		{2A8DFDC1-8752-4784-B962-6D0B9AD1541A}.Release|x64.Build.0 = Release|Any CPU
		{2A8DFDC1-8752-4784-B962-6D0B9AD1541A}.Release|x86.ActiveCfg = Release|Any CPU
		{2A8DFDC1-8752-4784-B962-6D0B9AD1541A}.Release|x86.Build.0 = Release|Any CPU
		{D9A8FB2A-FC1A-4A2B-A5A3-17D72B712A04}.Debug|Any CPU.ActiveCfg = Debug|Any CPU
		{D9A8FB2A-FC1A-4A2B-A5A3-17D72B712A04}.Debug|Any CPU.Build.0 = Debug|Any CPU
		{D9A8FB2A-FC1A-4A2B-A5A3-17D72B712A04}.Debug|ARM.ActiveCfg = Debug|Any CPU
		{D9A8FB2A-FC1A-4A2B-A5A3-17D72B712A04}.Debug|ARM.Build.0 = Debug|Any CPU
		{D9A8FB2A-FC1A-4A2B-A5A3-17D72B712A04}.Debug|x64.ActiveCfg = Debug|Any CPU
		{D9A8FB2A-FC1A-4A2B-A5A3-17D72B712A04}.Debug|x64.Build.0 = Debug|Any CPU
		{D9A8FB2A-FC1A-4A2B-A5A3-17D72B712A04}.Debug|x86.ActiveCfg = Debug|Any CPU
		{D9A8FB2A-FC1A-4A2B-A5A3-17D72B712A04}.Debug|x86.Build.0 = Debug|Any CPU
		{D9A8FB2A-FC1A-4A2B-A5A3-17D72B712A04}.Release|Any CPU.ActiveCfg = Release|Any CPU
		{D9A8FB2A-FC1A-4A2B-A5A3-17D72B712A04}.Release|Any CPU.Build.0 = Release|Any CPU
		{D9A8FB2A-FC1A-4A2B-A5A3-17D72B712A04}.Release|ARM.ActiveCfg = Release|Any CPU
		{D9A8FB2A-FC1A-4A2B-A5A3-17D72B712A04}.Release|ARM.Build.0 = Release|Any CPU
		{D9A8FB2A-FC1A-4A2B-A5A3-17D72B712A04}.Release|x64.ActiveCfg = Release|Any CPU
		{D9A8FB2A-FC1A-4A2B-A5A3-17D72B712A04}.Release|x64.Build.0 = Release|Any CPU
		{D9A8FB2A-FC1A-4A2B-A5A3-17D72B712A04}.Release|x86.ActiveCfg = Release|Any CPU
		{D9A8FB2A-FC1A-4A2B-A5A3-17D72B712A04}.Release|x86.Build.0 = Release|Any CPU
		{1362A48A-D27E-4C44-8B68-37DD0CE23D6C}.Debug|Any CPU.ActiveCfg = Debug|Any CPU
		{1362A48A-D27E-4C44-8B68-37DD0CE23D6C}.Debug|Any CPU.Build.0 = Debug|Any CPU
		{1362A48A-D27E-4C44-8B68-37DD0CE23D6C}.Debug|ARM.ActiveCfg = Debug|Any CPU
		{1362A48A-D27E-4C44-8B68-37DD0CE23D6C}.Debug|ARM.Build.0 = Debug|Any CPU
		{1362A48A-D27E-4C44-8B68-37DD0CE23D6C}.Debug|x64.ActiveCfg = Debug|Any CPU
		{1362A48A-D27E-4C44-8B68-37DD0CE23D6C}.Debug|x64.Build.0 = Debug|Any CPU
		{1362A48A-D27E-4C44-8B68-37DD0CE23D6C}.Debug|x86.ActiveCfg = Debug|Any CPU
		{1362A48A-D27E-4C44-8B68-37DD0CE23D6C}.Debug|x86.Build.0 = Debug|Any CPU
		{1362A48A-D27E-4C44-8B68-37DD0CE23D6C}.Release|Any CPU.ActiveCfg = Release|Any CPU
		{1362A48A-D27E-4C44-8B68-37DD0CE23D6C}.Release|Any CPU.Build.0 = Release|Any CPU
		{1362A48A-D27E-4C44-8B68-37DD0CE23D6C}.Release|ARM.ActiveCfg = Release|Any CPU
		{1362A48A-D27E-4C44-8B68-37DD0CE23D6C}.Release|ARM.Build.0 = Release|Any CPU
		{1362A48A-D27E-4C44-8B68-37DD0CE23D6C}.Release|x64.ActiveCfg = Release|Any CPU
		{1362A48A-D27E-4C44-8B68-37DD0CE23D6C}.Release|x64.Build.0 = Release|Any CPU
		{1362A48A-D27E-4C44-8B68-37DD0CE23D6C}.Release|x86.ActiveCfg = Release|Any CPU
		{1362A48A-D27E-4C44-8B68-37DD0CE23D6C}.Release|x86.Build.0 = Release|Any CPU
		{E4620671-DB1A-45A5-AC52-A110635FB4DF}.Debug|Any CPU.ActiveCfg = Debug|Any CPU
		{E4620671-DB1A-45A5-AC52-A110635FB4DF}.Debug|Any CPU.Build.0 = Debug|Any CPU
		{E4620671-DB1A-45A5-AC52-A110635FB4DF}.Debug|ARM.ActiveCfg = Debug|Any CPU
		{E4620671-DB1A-45A5-AC52-A110635FB4DF}.Debug|ARM.Build.0 = Debug|Any CPU
		{E4620671-DB1A-45A5-AC52-A110635FB4DF}.Debug|x64.ActiveCfg = Debug|Any CPU
		{E4620671-DB1A-45A5-AC52-A110635FB4DF}.Debug|x64.Build.0 = Debug|Any CPU
		{E4620671-DB1A-45A5-AC52-A110635FB4DF}.Debug|x86.ActiveCfg = Debug|Any CPU
		{E4620671-DB1A-45A5-AC52-A110635FB4DF}.Debug|x86.Build.0 = Debug|Any CPU
		{E4620671-DB1A-45A5-AC52-A110635FB4DF}.Release|Any CPU.ActiveCfg = Release|Any CPU
		{E4620671-DB1A-45A5-AC52-A110635FB4DF}.Release|Any CPU.Build.0 = Release|Any CPU
		{E4620671-DB1A-45A5-AC52-A110635FB4DF}.Release|ARM.ActiveCfg = Release|Any CPU
		{E4620671-DB1A-45A5-AC52-A110635FB4DF}.Release|ARM.Build.0 = Release|Any CPU
		{E4620671-DB1A-45A5-AC52-A110635FB4DF}.Release|x64.ActiveCfg = Release|Any CPU
		{E4620671-DB1A-45A5-AC52-A110635FB4DF}.Release|x64.Build.0 = Release|Any CPU
		{E4620671-DB1A-45A5-AC52-A110635FB4DF}.Release|x86.ActiveCfg = Release|Any CPU
		{E4620671-DB1A-45A5-AC52-A110635FB4DF}.Release|x86.Build.0 = Release|Any CPU
		{EBC40E4E-DB5B-4EC0-9186-860350D2A4CF}.Debug|Any CPU.ActiveCfg = Debug|Any CPU
		{EBC40E4E-DB5B-4EC0-9186-860350D2A4CF}.Debug|Any CPU.Build.0 = Debug|Any CPU
		{EBC40E4E-DB5B-4EC0-9186-860350D2A4CF}.Debug|ARM.ActiveCfg = Debug|Any CPU
		{EBC40E4E-DB5B-4EC0-9186-860350D2A4CF}.Debug|ARM.Build.0 = Debug|Any CPU
		{EBC40E4E-DB5B-4EC0-9186-860350D2A4CF}.Debug|x64.ActiveCfg = Debug|Any CPU
		{EBC40E4E-DB5B-4EC0-9186-860350D2A4CF}.Debug|x64.Build.0 = Debug|Any CPU
		{EBC40E4E-DB5B-4EC0-9186-860350D2A4CF}.Debug|x86.ActiveCfg = Debug|Any CPU
		{EBC40E4E-DB5B-4EC0-9186-860350D2A4CF}.Debug|x86.Build.0 = Debug|Any CPU
		{EBC40E4E-DB5B-4EC0-9186-860350D2A4CF}.Release|Any CPU.ActiveCfg = Release|Any CPU
		{EBC40E4E-DB5B-4EC0-9186-860350D2A4CF}.Release|Any CPU.Build.0 = Release|Any CPU
		{EBC40E4E-DB5B-4EC0-9186-860350D2A4CF}.Release|ARM.ActiveCfg = Release|Any CPU
		{EBC40E4E-DB5B-4EC0-9186-860350D2A4CF}.Release|ARM.Build.0 = Release|Any CPU
		{EBC40E4E-DB5B-4EC0-9186-860350D2A4CF}.Release|x64.ActiveCfg = Release|Any CPU
		{EBC40E4E-DB5B-4EC0-9186-860350D2A4CF}.Release|x64.Build.0 = Release|Any CPU
		{EBC40E4E-DB5B-4EC0-9186-860350D2A4CF}.Release|x86.ActiveCfg = Release|Any CPU
		{EBC40E4E-DB5B-4EC0-9186-860350D2A4CF}.Release|x86.Build.0 = Release|Any CPU
		{2F97D51E-30CE-4F98-A9CC-64AD0F57406A}.Debug|Any CPU.ActiveCfg = Debug|Any CPU
		{2F97D51E-30CE-4F98-A9CC-64AD0F57406A}.Debug|Any CPU.Build.0 = Debug|Any CPU
		{2F97D51E-30CE-4F98-A9CC-64AD0F57406A}.Debug|ARM.ActiveCfg = Debug|Any CPU
		{2F97D51E-30CE-4F98-A9CC-64AD0F57406A}.Debug|ARM.Build.0 = Debug|Any CPU
		{2F97D51E-30CE-4F98-A9CC-64AD0F57406A}.Debug|x64.ActiveCfg = Debug|Any CPU
		{2F97D51E-30CE-4F98-A9CC-64AD0F57406A}.Debug|x64.Build.0 = Debug|Any CPU
		{2F97D51E-30CE-4F98-A9CC-64AD0F57406A}.Debug|x86.ActiveCfg = Debug|Any CPU
		{2F97D51E-30CE-4F98-A9CC-64AD0F57406A}.Debug|x86.Build.0 = Debug|Any CPU
		{2F97D51E-30CE-4F98-A9CC-64AD0F57406A}.Release|Any CPU.ActiveCfg = Release|Any CPU
		{2F97D51E-30CE-4F98-A9CC-64AD0F57406A}.Release|Any CPU.Build.0 = Release|Any CPU
		{2F97D51E-30CE-4F98-A9CC-64AD0F57406A}.Release|ARM.ActiveCfg = Release|Any CPU
		{2F97D51E-30CE-4F98-A9CC-64AD0F57406A}.Release|ARM.Build.0 = Release|Any CPU
		{2F97D51E-30CE-4F98-A9CC-64AD0F57406A}.Release|x64.ActiveCfg = Release|Any CPU
		{2F97D51E-30CE-4F98-A9CC-64AD0F57406A}.Release|x64.Build.0 = Release|Any CPU
		{2F97D51E-30CE-4F98-A9CC-64AD0F57406A}.Release|x86.ActiveCfg = Release|Any CPU
		{2F97D51E-30CE-4F98-A9CC-64AD0F57406A}.Release|x86.Build.0 = Release|Any CPU
		{6B9CE3E8-68DA-4EB9-8362-58A289B51E76}.Debug|Any CPU.ActiveCfg = Debug|Any CPU
		{6B9CE3E8-68DA-4EB9-8362-58A289B51E76}.Debug|Any CPU.Build.0 = Debug|Any CPU
		{6B9CE3E8-68DA-4EB9-8362-58A289B51E76}.Debug|ARM.ActiveCfg = Debug|Any CPU
		{6B9CE3E8-68DA-4EB9-8362-58A289B51E76}.Debug|ARM.Build.0 = Debug|Any CPU
		{6B9CE3E8-68DA-4EB9-8362-58A289B51E76}.Debug|x64.ActiveCfg = Debug|Any CPU
		{6B9CE3E8-68DA-4EB9-8362-58A289B51E76}.Debug|x64.Build.0 = Debug|Any CPU
		{6B9CE3E8-68DA-4EB9-8362-58A289B51E76}.Debug|x86.ActiveCfg = Debug|Any CPU
		{6B9CE3E8-68DA-4EB9-8362-58A289B51E76}.Debug|x86.Build.0 = Debug|Any CPU
		{6B9CE3E8-68DA-4EB9-8362-58A289B51E76}.Release|Any CPU.ActiveCfg = Release|Any CPU
		{6B9CE3E8-68DA-4EB9-8362-58A289B51E76}.Release|Any CPU.Build.0 = Release|Any CPU
		{6B9CE3E8-68DA-4EB9-8362-58A289B51E76}.Release|ARM.ActiveCfg = Release|Any CPU
		{6B9CE3E8-68DA-4EB9-8362-58A289B51E76}.Release|ARM.Build.0 = Release|Any CPU
		{6B9CE3E8-68DA-4EB9-8362-58A289B51E76}.Release|x64.ActiveCfg = Release|Any CPU
		{6B9CE3E8-68DA-4EB9-8362-58A289B51E76}.Release|x64.Build.0 = Release|Any CPU
		{6B9CE3E8-68DA-4EB9-8362-58A289B51E76}.Release|x86.ActiveCfg = Release|Any CPU
		{6B9CE3E8-68DA-4EB9-8362-58A289B51E76}.Release|x86.Build.0 = Release|Any CPU
		{9D9BFCFF-7408-4518-91C0-9BD523D33B92}.Debug|Any CPU.ActiveCfg = Debug|Any CPU
		{9D9BFCFF-7408-4518-91C0-9BD523D33B92}.Debug|Any CPU.Build.0 = Debug|Any CPU
		{9D9BFCFF-7408-4518-91C0-9BD523D33B92}.Debug|ARM.ActiveCfg = Debug|Any CPU
		{9D9BFCFF-7408-4518-91C0-9BD523D33B92}.Debug|ARM.Build.0 = Debug|Any CPU
		{9D9BFCFF-7408-4518-91C0-9BD523D33B92}.Debug|x64.ActiveCfg = Debug|Any CPU
		{9D9BFCFF-7408-4518-91C0-9BD523D33B92}.Debug|x64.Build.0 = Debug|Any CPU
		{9D9BFCFF-7408-4518-91C0-9BD523D33B92}.Debug|x86.ActiveCfg = Debug|Any CPU
		{9D9BFCFF-7408-4518-91C0-9BD523D33B92}.Debug|x86.Build.0 = Debug|Any CPU
		{9D9BFCFF-7408-4518-91C0-9BD523D33B92}.Release|Any CPU.ActiveCfg = Release|Any CPU
		{9D9BFCFF-7408-4518-91C0-9BD523D33B92}.Release|Any CPU.Build.0 = Release|Any CPU
		{9D9BFCFF-7408-4518-91C0-9BD523D33B92}.Release|ARM.ActiveCfg = Release|Any CPU
		{9D9BFCFF-7408-4518-91C0-9BD523D33B92}.Release|ARM.Build.0 = Release|Any CPU
		{9D9BFCFF-7408-4518-91C0-9BD523D33B92}.Release|x64.ActiveCfg = Release|Any CPU
		{9D9BFCFF-7408-4518-91C0-9BD523D33B92}.Release|x64.Build.0 = Release|Any CPU
		{9D9BFCFF-7408-4518-91C0-9BD523D33B92}.Release|x86.ActiveCfg = Release|Any CPU
		{9D9BFCFF-7408-4518-91C0-9BD523D33B92}.Release|x86.Build.0 = Release|Any CPU
		{BAD50507-B3A7-4B18-A870-A7AF22D5EBD3}.Debug|Any CPU.ActiveCfg = Debug|Any CPU
		{BAD50507-B3A7-4B18-A870-A7AF22D5EBD3}.Debug|Any CPU.Build.0 = Debug|Any CPU
		{BAD50507-B3A7-4B18-A870-A7AF22D5EBD3}.Debug|ARM.ActiveCfg = Debug|Any CPU
		{BAD50507-B3A7-4B18-A870-A7AF22D5EBD3}.Debug|ARM.Build.0 = Debug|Any CPU
		{BAD50507-B3A7-4B18-A870-A7AF22D5EBD3}.Debug|x64.ActiveCfg = Debug|Any CPU
		{BAD50507-B3A7-4B18-A870-A7AF22D5EBD3}.Debug|x64.Build.0 = Debug|Any CPU
		{BAD50507-B3A7-4B18-A870-A7AF22D5EBD3}.Debug|x86.ActiveCfg = Debug|Any CPU
		{BAD50507-B3A7-4B18-A870-A7AF22D5EBD3}.Debug|x86.Build.0 = Debug|Any CPU
		{BAD50507-B3A7-4B18-A870-A7AF22D5EBD3}.Release|Any CPU.ActiveCfg = Release|Any CPU
		{BAD50507-B3A7-4B18-A870-A7AF22D5EBD3}.Release|Any CPU.Build.0 = Release|Any CPU
		{BAD50507-B3A7-4B18-A870-A7AF22D5EBD3}.Release|ARM.ActiveCfg = Release|Any CPU
		{BAD50507-B3A7-4B18-A870-A7AF22D5EBD3}.Release|ARM.Build.0 = Release|Any CPU
		{BAD50507-B3A7-4B18-A870-A7AF22D5EBD3}.Release|x64.ActiveCfg = Release|Any CPU
		{BAD50507-B3A7-4B18-A870-A7AF22D5EBD3}.Release|x64.Build.0 = Release|Any CPU
		{BAD50507-B3A7-4B18-A870-A7AF22D5EBD3}.Release|x86.ActiveCfg = Release|Any CPU
		{BAD50507-B3A7-4B18-A870-A7AF22D5EBD3}.Release|x86.Build.0 = Release|Any CPU
		{BE45AE0E-0D29-4782-B06D-C733EBBEF95E}.Debug|Any CPU.ActiveCfg = Debug|Any CPU
		{BE45AE0E-0D29-4782-B06D-C733EBBEF95E}.Debug|Any CPU.Build.0 = Debug|Any CPU
		{BE45AE0E-0D29-4782-B06D-C733EBBEF95E}.Debug|ARM.ActiveCfg = Debug|Any CPU
		{BE45AE0E-0D29-4782-B06D-C733EBBEF95E}.Debug|ARM.Build.0 = Debug|Any CPU
		{BE45AE0E-0D29-4782-B06D-C733EBBEF95E}.Debug|x64.ActiveCfg = Debug|Any CPU
		{BE45AE0E-0D29-4782-B06D-C733EBBEF95E}.Debug|x64.Build.0 = Debug|Any CPU
		{BE45AE0E-0D29-4782-B06D-C733EBBEF95E}.Debug|x86.ActiveCfg = Debug|Any CPU
		{BE45AE0E-0D29-4782-B06D-C733EBBEF95E}.Debug|x86.Build.0 = Debug|Any CPU
		{BE45AE0E-0D29-4782-B06D-C733EBBEF95E}.Release|Any CPU.ActiveCfg = Release|Any CPU
		{BE45AE0E-0D29-4782-B06D-C733EBBEF95E}.Release|Any CPU.Build.0 = Release|Any CPU
		{BE45AE0E-0D29-4782-B06D-C733EBBEF95E}.Release|ARM.ActiveCfg = Release|Any CPU
		{BE45AE0E-0D29-4782-B06D-C733EBBEF95E}.Release|ARM.Build.0 = Release|Any CPU
		{BE45AE0E-0D29-4782-B06D-C733EBBEF95E}.Release|x64.ActiveCfg = Release|Any CPU
		{BE45AE0E-0D29-4782-B06D-C733EBBEF95E}.Release|x64.Build.0 = Release|Any CPU
		{BE45AE0E-0D29-4782-B06D-C733EBBEF95E}.Release|x86.ActiveCfg = Release|Any CPU
		{BE45AE0E-0D29-4782-B06D-C733EBBEF95E}.Release|x86.Build.0 = Release|Any CPU
	EndGlobalSection
	GlobalSection(SolutionProperties) = preSolution
		HideSolutionNode = FALSE
	EndGlobalSection
	GlobalSection(NestedProjects) = preSolution
		{B7973B9F-7AC3-4D73-B23A-94627E86B202} = {41C416FB-0EFB-4217-BB20-63F50AF46B35}
		{8833BF6E-806F-483D-BA70-FF92B09E625D} = {41C416FB-0EFB-4217-BB20-63F50AF46B35}
		{2940AD3D-13E8-4025-860C-47FC94932B52} = {41C416FB-0EFB-4217-BB20-63F50AF46B35}
		{DB454C1B-17C7-4499-B627-B5058BBFB639} = {E13F561B-BF8E-4A67-AC18-EC85159ECFAA}
		{1435B850-0FFC-4E4B-B74C-C72EB6723A61} = {E13F561B-BF8E-4A67-AC18-EC85159ECFAA}
		{2A8DFDC1-8752-4784-B962-6D0B9AD1541A} = {41C416FB-0EFB-4217-BB20-63F50AF46B35}
		{D9A8FB2A-FC1A-4A2B-A5A3-17D72B712A04} = {41C416FB-0EFB-4217-BB20-63F50AF46B35}
		{1362A48A-D27E-4C44-8B68-37DD0CE23D6C} = {E13F561B-BF8E-4A67-AC18-EC85159ECFAA}
		{E4620671-DB1A-45A5-AC52-A110635FB4DF} = {E13F561B-BF8E-4A67-AC18-EC85159ECFAA}
		{EBC40E4E-DB5B-4EC0-9186-860350D2A4CF} = {41C416FB-0EFB-4217-BB20-63F50AF46B35}
		{2F97D51E-30CE-4F98-A9CC-64AD0F57406A} = {E13F561B-BF8E-4A67-AC18-EC85159ECFAA}
		{6B9CE3E8-68DA-4EB9-8362-58A289B51E76} = {41C416FB-0EFB-4217-BB20-63F50AF46B35}
		{9D9BFCFF-7408-4518-91C0-9BD523D33B92} = {E13F561B-BF8E-4A67-AC18-EC85159ECFAA}
		{BAD50507-B3A7-4B18-A870-A7AF22D5EBD3} = {41C416FB-0EFB-4217-BB20-63F50AF46B35}
		{BE45AE0E-0D29-4782-B06D-C733EBBEF95E} = {E13F561B-BF8E-4A67-AC18-EC85159ECFAA}
	EndGlobalSection
EndGlobal
