
Microsoft Visual Studio Solution File, Format Version 12.00
# Visual Studio Version 16
VisualStudioVersion = 16.0.28729.10
MinimumVisualStudioVersion = 10.0.40219.1
Project("{2150E333-8FDC-42A3-9474-1A3956D46DE8}") = "Services", "Services", "{13071AD7-A857-404E-9D17-8F5E94B4D233}"
EndProject
Project("{2150E333-8FDC-42A3-9474-1A3956D46DE8}") = "Application", "Application", "{178C34EB-5E5D-4D67-A372-84E7A7BF8CA5}"
EndProject
Project("{2150E333-8FDC-42A3-9474-1A3956D46DE8}") = "Domain", "Domain", "{76C51E7F-5032-4DFB-9EB1-D83956F3A5D5}"
EndProject
Project("{2150E333-8FDC-42A3-9474-1A3956D46DE8}") = "VisualStudio", "VisualStudio", "{6A85A688-D383-4629-B339-A027870EBFFF}"
EndProject
Project("{2150E333-8FDC-42A3-9474-1A3956D46DE8}") = "Core", "Core", "{9F90CBB9-AA6D-4C33-86D7-93E2F5E51E93}"
EndProject
Project("{2150E333-8FDC-42A3-9474-1A3956D46DE8}") = "Document", "Document", "{CDBA5FC6-C544-4817-ADCF-2C07D404CCAE}"
EndProject
Project("{2150E333-8FDC-42A3-9474-1A3956D46DE8}") = "Rendering", "Rendering", "{D98A6F4F-D355-49CC-A067-BA1DBA8FA80C}"
EndProject
Project("{FAE04EC0-301F-11D3-BF4B-00C04F79EFBC}") = "Markify.Application", "Application\Markify.Application\Markify.Application.csproj", "{B7973B9F-7AC3-4D73-B23A-94627E86B202}"
	ProjectSection(ProjectDependencies) = postProject
		{D9A8FB2A-FC1A-4A2B-A5A3-17D72B712A04} = {D9A8FB2A-FC1A-4A2B-A5A3-17D72B712A04}
	EndProjectSection
EndProject
Project("{F2A71F9B-5D33-465A-A702-920D77279786}") = "Markify.Core.FSharp", "Core\Markify.Core.FSharp\Markify.Core.FSharp.fsproj", "{D9A8FB2A-FC1A-4A2B-A5A3-17D72B712A04}"
EndProject
Project("{F2A71F9B-5D33-465A-A702-920D77279786}") = "Markify.Core.FSharp.Tests", "Core\Markify.Core.FSharp.Tests\Markify.Core.FSharp.Tests.fsproj", "{1362A48A-D27E-4C44-8B68-37DD0CE23D6C}"
EndProject
Project("{F2A71F9B-5D33-465A-A702-920D77279786}") = "Markify.Services.Document", "Services\Document\Markify.Services.Document\Markify.Services.Document.fsproj", "{EBC40E4E-DB5B-4EC0-9186-860350D2A4CF}"
EndProject
Project("{F2A71F9B-5D33-465A-A702-920D77279786}") = "Markify.Services.Document.Tests", "Services\Document\Markify.Services.Document.Tests\Markify.Services.Document.Tests.fsproj", "{2F97D51E-30CE-4F98-A9CC-64AD0F57406A}"
EndProject
Project("{FAE04EC0-301F-11D3-BF4B-00C04F79EFBC}") = "Markify.Services.Rendering", "Services\Rendering\Markify.Services.Rendering\Markify.Services.Rendering.csproj", "{6B9CE3E8-68DA-4EB9-8362-58A289B51E76}"
EndProject
Project("{FAE04EC0-301F-11D3-BF4B-00C04F79EFBC}") = "Markify.Services.Rendering.T4.Tests", "Services\Rendering\Markify.Services.Rendering.T4.Tests\Markify.Services.Rendering.T4.Tests.csproj", "{9D9BFCFF-7408-4518-91C0-9BD523D33B92}"
EndProject
Project("{FAE04EC0-301F-11D3-BF4B-00C04F79EFBC}") = "Markify.Services.Rendering.T4", "Services\Rendering\Markify.Services.Rendering.T4\Markify.Services.Rendering.T4.csproj", "{BAD50507-B3A7-4B18-A870-A7AF22D5EBD3}"
EndProject
Project("{FAE04EC0-301F-11D3-BF4B-00C04F79EFBC}") = "Markify.Services.Rendering.Tests", "Services\Rendering\Markify.Services.Rendering.Tests\Markify.Services.Rendering.Tests.csproj", "{BE45AE0E-0D29-4782-B06D-C733EBBEF95E}"
EndProject
Project("{F2A71F9B-5D33-465A-A702-920D77279786}") = "Markify.Domain.Ide", "Domain\Markify.Domain.Ide\Markify.Domain.Ide.fsproj", "{A55C060A-C3BF-4EB6-8439-CD5DC3614CFD}"
EndProject
Project("{F2A71F9B-5D33-465A-A702-920D77279786}") = "Markify.Domain.Document", "Domain\Markify.Domain.Document\Markify.Domain.Document.fsproj", "{5FD3A38E-D96D-4749-A8D3-D1F8D769D65B}"
EndProject
Project("{F2A71F9B-5D33-465A-A702-920D77279786}") = "Markify.Domain.Rendering", "Domain\Markify.Domain.Rendering\Markify.Domain.Rendering.fsproj", "{6F0497E4-0698-4AE0-B2C8-0CDC87C2FF10}"
EndProject
Project("{F2A71F9B-5D33-465A-A702-920D77279786}") = "Markify.Services.VisualStudio.Tests", "Services\VisualStudio\Markify.Services.VisualStudio.Tests\Markify.Services.VisualStudio.Tests.fsproj", "{009B5CDE-139D-480A-A77D-C69CDC8A24A6}"
EndProject
Project("{F2A71F9B-5D33-465A-A702-920D77279786}") = "Markify.Services.VisualStudio", "Services\VisualStudio\Markify.Services.VisualStudio\Markify.Services.VisualStudio.fsproj", "{17004EEA-0459-48B3-9573-F8F91D8000BC}"
EndProject
Project("{2150E333-8FDC-42A3-9474-1A3956D46DE8}") = "Solution Items", "Solution Items", "{D7A33C35-536A-4913-BBFB-2753F04C81EA}"
	ProjectSection(SolutionItems) = preProject
		CodeCoverage.runsettings = CodeCoverage.runsettings
	EndProjectSection
EndProject
Project("{6EC3EE1D-3C4E-46DD-8F32-0CC8E7565705}") = "Markify.Tests.Extensions", "Core\Markify.Tests.Extensions\Markify.Tests.Extensions.fsproj", "{FF292B05-4D30-4945-BA44-29BCC319CEC4}"
EndProject
Project("{2150E333-8FDC-42A3-9474-1A3956D46DE8}") = "CodeAnalyzer", "CodeAnalyzer", "{15C0BB84-7846-4AB3-9AE3-E9806FCD1E66}"
EndProject
Project("{6EC3EE1D-3C4E-46DD-8F32-0CC8E7565705}") = "Markify.CodeAnalyzer.Roslyn", "CodeAnalyzer\Roslyn\Markify.CodeAnalyzer.Roslyn\Markify.CodeAnalyzer.Roslyn.fsproj", "{E99886C0-27D9-4429-B549-CDA5C9D3BB1A}"
EndProject
Project("{6EC3EE1D-3C4E-46DD-8F32-0CC8E7565705}") = "Markify.CodeAnalyzer.Roslyn.CSharp", "CodeAnalyzer\Roslyn\Markify.CodeAnalyzer.Roslyn.CSharp\Markify.CodeAnalyzer.Roslyn.CSharp.fsproj", "{F9522898-5249-437F-801A-DC45E81313BA}"
EndProject
Project("{6EC3EE1D-3C4E-46DD-8F32-0CC8E7565705}") = "Markify.CodeAnalyzer.Roslyn.VisualBasic", "CodeAnalyzer\Roslyn\Markify.CodeAnalyzer.Roslyn.VisualBasic\Markify.CodeAnalyzer.Roslyn.VisualBasic.fsproj", "{F1D6634B-43A2-4BE6-A49E-9B55298978D6}"
EndProject
Project("{6EC3EE1D-3C4E-46DD-8F32-0CC8E7565705}") = "Markify.CodeAnalyzer", "CodeAnalyzer\Markify.CodeAnalyzer\Markify.CodeAnalyzer.fsproj", "{375F55B3-9C64-4701-BD1C-B69D2B672C68}"
EndProject
Project("{F2A71F9B-5D33-465A-A702-920D77279786}") = "Markify.CodeAnalyzer.Tests", "CodeAnalyzer\Markify.CodeAnalyzer.Tests\Markify.CodeAnalyzer.Tests.fsproj", "{72D26AA4-0A42-4B58-A035-84956AB939B1}"
EndProject
Project("{2150E333-8FDC-42A3-9474-1A3956D46DE8}") = "Roslyn", "Roslyn", "{51044EFC-2547-49AD-9943-BD34A3C52CA0}"
EndProject
Global
	GlobalSection(SolutionConfigurationPlatforms) = preSolution
		Debug|Any CPU = Debug|Any CPU
		Debug|ARM = Debug|ARM
		Debug|x64 = Debug|x64
		Debug|x86 = Debug|x86
		Release|Any CPU = Release|Any CPU
		Release|ARM = Release|ARM
		Release|x64 = Release|x64
		Release|x86 = Release|x86
	EndGlobalSection
	GlobalSection(ProjectConfigurationPlatforms) = postSolution
		{B7973B9F-7AC3-4D73-B23A-94627E86B202}.Debug|Any CPU.ActiveCfg = Debug|Any CPU
		{B7973B9F-7AC3-4D73-B23A-94627E86B202}.Debug|Any CPU.Build.0 = Debug|Any CPU
		{B7973B9F-7AC3-4D73-B23A-94627E86B202}.Debug|ARM.ActiveCfg = Debug|Any CPU
		{B7973B9F-7AC3-4D73-B23A-94627E86B202}.Debug|ARM.Build.0 = Debug|Any CPU
		{B7973B9F-7AC3-4D73-B23A-94627E86B202}.Debug|x64.ActiveCfg = Debug|Any CPU
		{B7973B9F-7AC3-4D73-B23A-94627E86B202}.Debug|x64.Build.0 = Debug|Any CPU
		{B7973B9F-7AC3-4D73-B23A-94627E86B202}.Debug|x86.ActiveCfg = Debug|Any CPU
		{B7973B9F-7AC3-4D73-B23A-94627E86B202}.Debug|x86.Build.0 = Debug|Any CPU
		{B7973B9F-7AC3-4D73-B23A-94627E86B202}.Release|Any CPU.ActiveCfg = Release|Any CPU
		{B7973B9F-7AC3-4D73-B23A-94627E86B202}.Release|Any CPU.Build.0 = Release|Any CPU
		{B7973B9F-7AC3-4D73-B23A-94627E86B202}.Release|ARM.ActiveCfg = Release|Any CPU
		{B7973B9F-7AC3-4D73-B23A-94627E86B202}.Release|ARM.Build.0 = Release|Any CPU
		{B7973B9F-7AC3-4D73-B23A-94627E86B202}.Release|x64.ActiveCfg = Release|Any CPU
		{B7973B9F-7AC3-4D73-B23A-94627E86B202}.Release|x64.Build.0 = Release|Any CPU
		{B7973B9F-7AC3-4D73-B23A-94627E86B202}.Release|x86.ActiveCfg = Release|Any CPU
		{B7973B9F-7AC3-4D73-B23A-94627E86B202}.Release|x86.Build.0 = Release|Any CPU
		{D9A8FB2A-FC1A-4A2B-A5A3-17D72B712A04}.Debug|Any CPU.ActiveCfg = Debug|Any CPU
		{D9A8FB2A-FC1A-4A2B-A5A3-17D72B712A04}.Debug|Any CPU.Build.0 = Debug|Any CPU
		{D9A8FB2A-FC1A-4A2B-A5A3-17D72B712A04}.Debug|ARM.ActiveCfg = Debug|Any CPU
		{D9A8FB2A-FC1A-4A2B-A5A3-17D72B712A04}.Debug|ARM.Build.0 = Debug|Any CPU
		{D9A8FB2A-FC1A-4A2B-A5A3-17D72B712A04}.Debug|x64.ActiveCfg = Debug|Any CPU
		{D9A8FB2A-FC1A-4A2B-A5A3-17D72B712A04}.Debug|x64.Build.0 = Debug|Any CPU
		{D9A8FB2A-FC1A-4A2B-A5A3-17D72B712A04}.Debug|x86.ActiveCfg = Debug|Any CPU
		{D9A8FB2A-FC1A-4A2B-A5A3-17D72B712A04}.Debug|x86.Build.0 = Debug|Any CPU
		{D9A8FB2A-FC1A-4A2B-A5A3-17D72B712A04}.Release|Any CPU.ActiveCfg = Release|Any CPU
		{D9A8FB2A-FC1A-4A2B-A5A3-17D72B712A04}.Release|Any CPU.Build.0 = Release|Any CPU
		{D9A8FB2A-FC1A-4A2B-A5A3-17D72B712A04}.Release|ARM.ActiveCfg = Release|Any CPU
		{D9A8FB2A-FC1A-4A2B-A5A3-17D72B712A04}.Release|ARM.Build.0 = Release|Any CPU
		{D9A8FB2A-FC1A-4A2B-A5A3-17D72B712A04}.Release|x64.ActiveCfg = Release|Any CPU
		{D9A8FB2A-FC1A-4A2B-A5A3-17D72B712A04}.Release|x64.Build.0 = Release|Any CPU
		{D9A8FB2A-FC1A-4A2B-A5A3-17D72B712A04}.Release|x86.ActiveCfg = Release|Any CPU
		{D9A8FB2A-FC1A-4A2B-A5A3-17D72B712A04}.Release|x86.Build.0 = Release|Any CPU
		{1362A48A-D27E-4C44-8B68-37DD0CE23D6C}.Debug|Any CPU.ActiveCfg = Debug|Any CPU
		{1362A48A-D27E-4C44-8B68-37DD0CE23D6C}.Debug|Any CPU.Build.0 = Debug|Any CPU
		{1362A48A-D27E-4C44-8B68-37DD0CE23D6C}.Debug|ARM.ActiveCfg = Debug|Any CPU
		{1362A48A-D27E-4C44-8B68-37DD0CE23D6C}.Debug|ARM.Build.0 = Debug|Any CPU
		{1362A48A-D27E-4C44-8B68-37DD0CE23D6C}.Debug|x64.ActiveCfg = Debug|Any CPU
		{1362A48A-D27E-4C44-8B68-37DD0CE23D6C}.Debug|x64.Build.0 = Debug|Any CPU
		{1362A48A-D27E-4C44-8B68-37DD0CE23D6C}.Debug|x86.ActiveCfg = Debug|Any CPU
		{1362A48A-D27E-4C44-8B68-37DD0CE23D6C}.Debug|x86.Build.0 = Debug|Any CPU
		{1362A48A-D27E-4C44-8B68-37DD0CE23D6C}.Release|Any CPU.ActiveCfg = Release|Any CPU
		{1362A48A-D27E-4C44-8B68-37DD0CE23D6C}.Release|Any CPU.Build.0 = Release|Any CPU
		{1362A48A-D27E-4C44-8B68-37DD0CE23D6C}.Release|ARM.ActiveCfg = Release|Any CPU
		{1362A48A-D27E-4C44-8B68-37DD0CE23D6C}.Release|ARM.Build.0 = Release|Any CPU
		{1362A48A-D27E-4C44-8B68-37DD0CE23D6C}.Release|x64.ActiveCfg = Release|Any CPU
		{1362A48A-D27E-4C44-8B68-37DD0CE23D6C}.Release|x64.Build.0 = Release|Any CPU
		{1362A48A-D27E-4C44-8B68-37DD0CE23D6C}.Release|x86.ActiveCfg = Release|Any CPU
		{1362A48A-D27E-4C44-8B68-37DD0CE23D6C}.Release|x86.Build.0 = Release|Any CPU
		{EBC40E4E-DB5B-4EC0-9186-860350D2A4CF}.Debug|Any CPU.ActiveCfg = Debug|Any CPU
		{EBC40E4E-DB5B-4EC0-9186-860350D2A4CF}.Debug|Any CPU.Build.0 = Debug|Any CPU
		{EBC40E4E-DB5B-4EC0-9186-860350D2A4CF}.Debug|ARM.ActiveCfg = Debug|Any CPU
		{EBC40E4E-DB5B-4EC0-9186-860350D2A4CF}.Debug|ARM.Build.0 = Debug|Any CPU
		{EBC40E4E-DB5B-4EC0-9186-860350D2A4CF}.Debug|x64.ActiveCfg = Debug|Any CPU
		{EBC40E4E-DB5B-4EC0-9186-860350D2A4CF}.Debug|x64.Build.0 = Debug|Any CPU
		{EBC40E4E-DB5B-4EC0-9186-860350D2A4CF}.Debug|x86.ActiveCfg = Debug|Any CPU
		{EBC40E4E-DB5B-4EC0-9186-860350D2A4CF}.Debug|x86.Build.0 = Debug|Any CPU
		{EBC40E4E-DB5B-4EC0-9186-860350D2A4CF}.Release|Any CPU.ActiveCfg = Release|Any CPU
		{EBC40E4E-DB5B-4EC0-9186-860350D2A4CF}.Release|Any CPU.Build.0 = Release|Any CPU
		{EBC40E4E-DB5B-4EC0-9186-860350D2A4CF}.Release|ARM.ActiveCfg = Release|Any CPU
		{EBC40E4E-DB5B-4EC0-9186-860350D2A4CF}.Release|ARM.Build.0 = Release|Any CPU
		{EBC40E4E-DB5B-4EC0-9186-860350D2A4CF}.Release|x64.ActiveCfg = Release|Any CPU
		{EBC40E4E-DB5B-4EC0-9186-860350D2A4CF}.Release|x64.Build.0 = Release|Any CPU
		{EBC40E4E-DB5B-4EC0-9186-860350D2A4CF}.Release|x86.ActiveCfg = Release|Any CPU
		{EBC40E4E-DB5B-4EC0-9186-860350D2A4CF}.Release|x86.Build.0 = Release|Any CPU
		{2F97D51E-30CE-4F98-A9CC-64AD0F57406A}.Debug|Any CPU.ActiveCfg = Debug|Any CPU
		{2F97D51E-30CE-4F98-A9CC-64AD0F57406A}.Debug|Any CPU.Build.0 = Debug|Any CPU
		{2F97D51E-30CE-4F98-A9CC-64AD0F57406A}.Debug|ARM.ActiveCfg = Debug|Any CPU
		{2F97D51E-30CE-4F98-A9CC-64AD0F57406A}.Debug|ARM.Build.0 = Debug|Any CPU
		{2F97D51E-30CE-4F98-A9CC-64AD0F57406A}.Debug|x64.ActiveCfg = Debug|Any CPU
		{2F97D51E-30CE-4F98-A9CC-64AD0F57406A}.Debug|x64.Build.0 = Debug|Any CPU
		{2F97D51E-30CE-4F98-A9CC-64AD0F57406A}.Debug|x86.ActiveCfg = Debug|Any CPU
		{2F97D51E-30CE-4F98-A9CC-64AD0F57406A}.Debug|x86.Build.0 = Debug|Any CPU
		{2F97D51E-30CE-4F98-A9CC-64AD0F57406A}.Release|Any CPU.ActiveCfg = Release|Any CPU
		{2F97D51E-30CE-4F98-A9CC-64AD0F57406A}.Release|Any CPU.Build.0 = Release|Any CPU
		{2F97D51E-30CE-4F98-A9CC-64AD0F57406A}.Release|ARM.ActiveCfg = Release|Any CPU
		{2F97D51E-30CE-4F98-A9CC-64AD0F57406A}.Release|ARM.Build.0 = Release|Any CPU
		{2F97D51E-30CE-4F98-A9CC-64AD0F57406A}.Release|x64.ActiveCfg = Release|Any CPU
		{2F97D51E-30CE-4F98-A9CC-64AD0F57406A}.Release|x64.Build.0 = Release|Any CPU
		{2F97D51E-30CE-4F98-A9CC-64AD0F57406A}.Release|x86.ActiveCfg = Release|Any CPU
		{2F97D51E-30CE-4F98-A9CC-64AD0F57406A}.Release|x86.Build.0 = Release|Any CPU
		{6B9CE3E8-68DA-4EB9-8362-58A289B51E76}.Debug|Any CPU.ActiveCfg = Debug|Any CPU
		{6B9CE3E8-68DA-4EB9-8362-58A289B51E76}.Debug|Any CPU.Build.0 = Debug|Any CPU
		{6B9CE3E8-68DA-4EB9-8362-58A289B51E76}.Debug|ARM.ActiveCfg = Debug|Any CPU
		{6B9CE3E8-68DA-4EB9-8362-58A289B51E76}.Debug|ARM.Build.0 = Debug|Any CPU
		{6B9CE3E8-68DA-4EB9-8362-58A289B51E76}.Debug|x64.ActiveCfg = Debug|Any CPU
		{6B9CE3E8-68DA-4EB9-8362-58A289B51E76}.Debug|x64.Build.0 = Debug|Any CPU
		{6B9CE3E8-68DA-4EB9-8362-58A289B51E76}.Debug|x86.ActiveCfg = Debug|Any CPU
		{6B9CE3E8-68DA-4EB9-8362-58A289B51E76}.Debug|x86.Build.0 = Debug|Any CPU
		{6B9CE3E8-68DA-4EB9-8362-58A289B51E76}.Release|Any CPU.ActiveCfg = Release|Any CPU
		{6B9CE3E8-68DA-4EB9-8362-58A289B51E76}.Release|Any CPU.Build.0 = Release|Any CPU
		{6B9CE3E8-68DA-4EB9-8362-58A289B51E76}.Release|ARM.ActiveCfg = Release|Any CPU
		{6B9CE3E8-68DA-4EB9-8362-58A289B51E76}.Release|ARM.Build.0 = Release|Any CPU
		{6B9CE3E8-68DA-4EB9-8362-58A289B51E76}.Release|x64.ActiveCfg = Release|Any CPU
		{6B9CE3E8-68DA-4EB9-8362-58A289B51E76}.Release|x64.Build.0 = Release|Any CPU
		{6B9CE3E8-68DA-4EB9-8362-58A289B51E76}.Release|x86.ActiveCfg = Release|Any CPU
		{6B9CE3E8-68DA-4EB9-8362-58A289B51E76}.Release|x86.Build.0 = Release|Any CPU
		{9D9BFCFF-7408-4518-91C0-9BD523D33B92}.Debug|Any CPU.ActiveCfg = Debug|Any CPU
		{9D9BFCFF-7408-4518-91C0-9BD523D33B92}.Debug|Any CPU.Build.0 = Debug|Any CPU
		{9D9BFCFF-7408-4518-91C0-9BD523D33B92}.Debug|ARM.ActiveCfg = Debug|Any CPU
		{9D9BFCFF-7408-4518-91C0-9BD523D33B92}.Debug|ARM.Build.0 = Debug|Any CPU
		{9D9BFCFF-7408-4518-91C0-9BD523D33B92}.Debug|x64.ActiveCfg = Debug|Any CPU
		{9D9BFCFF-7408-4518-91C0-9BD523D33B92}.Debug|x64.Build.0 = Debug|Any CPU
		{9D9BFCFF-7408-4518-91C0-9BD523D33B92}.Debug|x86.ActiveCfg = Debug|Any CPU
		{9D9BFCFF-7408-4518-91C0-9BD523D33B92}.Debug|x86.Build.0 = Debug|Any CPU
		{9D9BFCFF-7408-4518-91C0-9BD523D33B92}.Release|Any CPU.ActiveCfg = Release|Any CPU
		{9D9BFCFF-7408-4518-91C0-9BD523D33B92}.Release|Any CPU.Build.0 = Release|Any CPU
		{9D9BFCFF-7408-4518-91C0-9BD523D33B92}.Release|ARM.ActiveCfg = Release|Any CPU
		{9D9BFCFF-7408-4518-91C0-9BD523D33B92}.Release|ARM.Build.0 = Release|Any CPU
		{9D9BFCFF-7408-4518-91C0-9BD523D33B92}.Release|x64.ActiveCfg = Release|Any CPU
		{9D9BFCFF-7408-4518-91C0-9BD523D33B92}.Release|x64.Build.0 = Release|Any CPU
		{9D9BFCFF-7408-4518-91C0-9BD523D33B92}.Release|x86.ActiveCfg = Release|Any CPU
		{9D9BFCFF-7408-4518-91C0-9BD523D33B92}.Release|x86.Build.0 = Release|Any CPU
		{BAD50507-B3A7-4B18-A870-A7AF22D5EBD3}.Debug|Any CPU.ActiveCfg = Debug|Any CPU
		{BAD50507-B3A7-4B18-A870-A7AF22D5EBD3}.Debug|Any CPU.Build.0 = Debug|Any CPU
		{BAD50507-B3A7-4B18-A870-A7AF22D5EBD3}.Debug|ARM.ActiveCfg = Debug|Any CPU
		{BAD50507-B3A7-4B18-A870-A7AF22D5EBD3}.Debug|ARM.Build.0 = Debug|Any CPU
		{BAD50507-B3A7-4B18-A870-A7AF22D5EBD3}.Debug|x64.ActiveCfg = Debug|Any CPU
		{BAD50507-B3A7-4B18-A870-A7AF22D5EBD3}.Debug|x64.Build.0 = Debug|Any CPU
		{BAD50507-B3A7-4B18-A870-A7AF22D5EBD3}.Debug|x86.ActiveCfg = Debug|Any CPU
		{BAD50507-B3A7-4B18-A870-A7AF22D5EBD3}.Debug|x86.Build.0 = Debug|Any CPU
		{BAD50507-B3A7-4B18-A870-A7AF22D5EBD3}.Release|Any CPU.ActiveCfg = Release|Any CPU
		{BAD50507-B3A7-4B18-A870-A7AF22D5EBD3}.Release|Any CPU.Build.0 = Release|Any CPU
		{BAD50507-B3A7-4B18-A870-A7AF22D5EBD3}.Release|ARM.ActiveCfg = Release|Any CPU
		{BAD50507-B3A7-4B18-A870-A7AF22D5EBD3}.Release|ARM.Build.0 = Release|Any CPU
		{BAD50507-B3A7-4B18-A870-A7AF22D5EBD3}.Release|x64.ActiveCfg = Release|Any CPU
		{BAD50507-B3A7-4B18-A870-A7AF22D5EBD3}.Release|x64.Build.0 = Release|Any CPU
		{BAD50507-B3A7-4B18-A870-A7AF22D5EBD3}.Release|x86.ActiveCfg = Release|Any CPU
		{BAD50507-B3A7-4B18-A870-A7AF22D5EBD3}.Release|x86.Build.0 = Release|Any CPU
		{BE45AE0E-0D29-4782-B06D-C733EBBEF95E}.Debug|Any CPU.ActiveCfg = Debug|Any CPU
		{BE45AE0E-0D29-4782-B06D-C733EBBEF95E}.Debug|Any CPU.Build.0 = Debug|Any CPU
		{BE45AE0E-0D29-4782-B06D-C733EBBEF95E}.Debug|ARM.ActiveCfg = Debug|Any CPU
		{BE45AE0E-0D29-4782-B06D-C733EBBEF95E}.Debug|ARM.Build.0 = Debug|Any CPU
		{BE45AE0E-0D29-4782-B06D-C733EBBEF95E}.Debug|x64.ActiveCfg = Debug|Any CPU
		{BE45AE0E-0D29-4782-B06D-C733EBBEF95E}.Debug|x64.Build.0 = Debug|Any CPU
		{BE45AE0E-0D29-4782-B06D-C733EBBEF95E}.Debug|x86.ActiveCfg = Debug|Any CPU
		{BE45AE0E-0D29-4782-B06D-C733EBBEF95E}.Debug|x86.Build.0 = Debug|Any CPU
		{BE45AE0E-0D29-4782-B06D-C733EBBEF95E}.Release|Any CPU.ActiveCfg = Release|Any CPU
		{BE45AE0E-0D29-4782-B06D-C733EBBEF95E}.Release|Any CPU.Build.0 = Release|Any CPU
		{BE45AE0E-0D29-4782-B06D-C733EBBEF95E}.Release|ARM.ActiveCfg = Release|Any CPU
		{BE45AE0E-0D29-4782-B06D-C733EBBEF95E}.Release|ARM.Build.0 = Release|Any CPU
		{BE45AE0E-0D29-4782-B06D-C733EBBEF95E}.Release|x64.ActiveCfg = Release|Any CPU
		{BE45AE0E-0D29-4782-B06D-C733EBBEF95E}.Release|x64.Build.0 = Release|Any CPU
		{BE45AE0E-0D29-4782-B06D-C733EBBEF95E}.Release|x86.ActiveCfg = Release|Any CPU
		{BE45AE0E-0D29-4782-B06D-C733EBBEF95E}.Release|x86.Build.0 = Release|Any CPU
		{A55C060A-C3BF-4EB6-8439-CD5DC3614CFD}.Debug|Any CPU.ActiveCfg = Debug|Any CPU
		{A55C060A-C3BF-4EB6-8439-CD5DC3614CFD}.Debug|Any CPU.Build.0 = Debug|Any CPU
		{A55C060A-C3BF-4EB6-8439-CD5DC3614CFD}.Debug|ARM.ActiveCfg = Debug|Any CPU
		{A55C060A-C3BF-4EB6-8439-CD5DC3614CFD}.Debug|ARM.Build.0 = Debug|Any CPU
		{A55C060A-C3BF-4EB6-8439-CD5DC3614CFD}.Debug|x64.ActiveCfg = Debug|Any CPU
		{A55C060A-C3BF-4EB6-8439-CD5DC3614CFD}.Debug|x64.Build.0 = Debug|Any CPU
		{A55C060A-C3BF-4EB6-8439-CD5DC3614CFD}.Debug|x86.ActiveCfg = Debug|Any CPU
		{A55C060A-C3BF-4EB6-8439-CD5DC3614CFD}.Debug|x86.Build.0 = Debug|Any CPU
		{A55C060A-C3BF-4EB6-8439-CD5DC3614CFD}.Release|Any CPU.ActiveCfg = Release|Any CPU
		{A55C060A-C3BF-4EB6-8439-CD5DC3614CFD}.Release|Any CPU.Build.0 = Release|Any CPU
		{A55C060A-C3BF-4EB6-8439-CD5DC3614CFD}.Release|ARM.ActiveCfg = Release|Any CPU
		{A55C060A-C3BF-4EB6-8439-CD5DC3614CFD}.Release|ARM.Build.0 = Release|Any CPU
		{A55C060A-C3BF-4EB6-8439-CD5DC3614CFD}.Release|x64.ActiveCfg = Release|Any CPU
		{A55C060A-C3BF-4EB6-8439-CD5DC3614CFD}.Release|x64.Build.0 = Release|Any CPU
		{A55C060A-C3BF-4EB6-8439-CD5DC3614CFD}.Release|x86.ActiveCfg = Release|Any CPU
		{A55C060A-C3BF-4EB6-8439-CD5DC3614CFD}.Release|x86.Build.0 = Release|Any CPU
		{5FD3A38E-D96D-4749-A8D3-D1F8D769D65B}.Debug|Any CPU.ActiveCfg = Debug|Any CPU
		{5FD3A38E-D96D-4749-A8D3-D1F8D769D65B}.Debug|Any CPU.Build.0 = Debug|Any CPU
		{5FD3A38E-D96D-4749-A8D3-D1F8D769D65B}.Debug|ARM.ActiveCfg = Debug|Any CPU
		{5FD3A38E-D96D-4749-A8D3-D1F8D769D65B}.Debug|ARM.Build.0 = Debug|Any CPU
		{5FD3A38E-D96D-4749-A8D3-D1F8D769D65B}.Debug|x64.ActiveCfg = Debug|Any CPU
		{5FD3A38E-D96D-4749-A8D3-D1F8D769D65B}.Debug|x64.Build.0 = Debug|Any CPU
		{5FD3A38E-D96D-4749-A8D3-D1F8D769D65B}.Debug|x86.ActiveCfg = Debug|Any CPU
		{5FD3A38E-D96D-4749-A8D3-D1F8D769D65B}.Debug|x86.Build.0 = Debug|Any CPU
		{5FD3A38E-D96D-4749-A8D3-D1F8D769D65B}.Release|Any CPU.ActiveCfg = Release|Any CPU
		{5FD3A38E-D96D-4749-A8D3-D1F8D769D65B}.Release|Any CPU.Build.0 = Release|Any CPU
		{5FD3A38E-D96D-4749-A8D3-D1F8D769D65B}.Release|ARM.ActiveCfg = Release|Any CPU
		{5FD3A38E-D96D-4749-A8D3-D1F8D769D65B}.Release|ARM.Build.0 = Release|Any CPU
		{5FD3A38E-D96D-4749-A8D3-D1F8D769D65B}.Release|x64.ActiveCfg = Release|Any CPU
		{5FD3A38E-D96D-4749-A8D3-D1F8D769D65B}.Release|x64.Build.0 = Release|Any CPU
		{5FD3A38E-D96D-4749-A8D3-D1F8D769D65B}.Release|x86.ActiveCfg = Release|Any CPU
		{5FD3A38E-D96D-4749-A8D3-D1F8D769D65B}.Release|x86.Build.0 = Release|Any CPU
		{6F0497E4-0698-4AE0-B2C8-0CDC87C2FF10}.Debug|Any CPU.ActiveCfg = Debug|Any CPU
		{6F0497E4-0698-4AE0-B2C8-0CDC87C2FF10}.Debug|Any CPU.Build.0 = Debug|Any CPU
		{6F0497E4-0698-4AE0-B2C8-0CDC87C2FF10}.Debug|ARM.ActiveCfg = Debug|Any CPU
		{6F0497E4-0698-4AE0-B2C8-0CDC87C2FF10}.Debug|ARM.Build.0 = Debug|Any CPU
		{6F0497E4-0698-4AE0-B2C8-0CDC87C2FF10}.Debug|x64.ActiveCfg = Debug|Any CPU
		{6F0497E4-0698-4AE0-B2C8-0CDC87C2FF10}.Debug|x64.Build.0 = Debug|Any CPU
		{6F0497E4-0698-4AE0-B2C8-0CDC87C2FF10}.Debug|x86.ActiveCfg = Debug|Any CPU
		{6F0497E4-0698-4AE0-B2C8-0CDC87C2FF10}.Debug|x86.Build.0 = Debug|Any CPU
		{6F0497E4-0698-4AE0-B2C8-0CDC87C2FF10}.Release|Any CPU.ActiveCfg = Release|Any CPU
		{6F0497E4-0698-4AE0-B2C8-0CDC87C2FF10}.Release|Any CPU.Build.0 = Release|Any CPU
		{6F0497E4-0698-4AE0-B2C8-0CDC87C2FF10}.Release|ARM.ActiveCfg = Release|Any CPU
		{6F0497E4-0698-4AE0-B2C8-0CDC87C2FF10}.Release|ARM.Build.0 = Release|Any CPU
		{6F0497E4-0698-4AE0-B2C8-0CDC87C2FF10}.Release|x64.ActiveCfg = Release|Any CPU
		{6F0497E4-0698-4AE0-B2C8-0CDC87C2FF10}.Release|x64.Build.0 = Release|Any CPU
		{6F0497E4-0698-4AE0-B2C8-0CDC87C2FF10}.Release|x86.ActiveCfg = Release|Any CPU
		{6F0497E4-0698-4AE0-B2C8-0CDC87C2FF10}.Release|x86.Build.0 = Release|Any CPU
		{009B5CDE-139D-480A-A77D-C69CDC8A24A6}.Debug|Any CPU.ActiveCfg = Debug|Any CPU
		{009B5CDE-139D-480A-A77D-C69CDC8A24A6}.Debug|Any CPU.Build.0 = Debug|Any CPU
		{009B5CDE-139D-480A-A77D-C69CDC8A24A6}.Debug|ARM.ActiveCfg = Debug|Any CPU
		{009B5CDE-139D-480A-A77D-C69CDC8A24A6}.Debug|ARM.Build.0 = Debug|Any CPU
		{009B5CDE-139D-480A-A77D-C69CDC8A24A6}.Debug|x64.ActiveCfg = Debug|Any CPU
		{009B5CDE-139D-480A-A77D-C69CDC8A24A6}.Debug|x64.Build.0 = Debug|Any CPU
		{009B5CDE-139D-480A-A77D-C69CDC8A24A6}.Debug|x86.ActiveCfg = Debug|Any CPU
		{009B5CDE-139D-480A-A77D-C69CDC8A24A6}.Debug|x86.Build.0 = Debug|Any CPU
		{009B5CDE-139D-480A-A77D-C69CDC8A24A6}.Release|Any CPU.ActiveCfg = Release|Any CPU
		{009B5CDE-139D-480A-A77D-C69CDC8A24A6}.Release|Any CPU.Build.0 = Release|Any CPU
		{009B5CDE-139D-480A-A77D-C69CDC8A24A6}.Release|ARM.ActiveCfg = Release|Any CPU
		{009B5CDE-139D-480A-A77D-C69CDC8A24A6}.Release|ARM.Build.0 = Release|Any CPU
		{009B5CDE-139D-480A-A77D-C69CDC8A24A6}.Release|x64.ActiveCfg = Release|Any CPU
		{009B5CDE-139D-480A-A77D-C69CDC8A24A6}.Release|x64.Build.0 = Release|Any CPU
		{009B5CDE-139D-480A-A77D-C69CDC8A24A6}.Release|x86.ActiveCfg = Release|Any CPU
		{009B5CDE-139D-480A-A77D-C69CDC8A24A6}.Release|x86.Build.0 = Release|Any CPU
		{17004EEA-0459-48B3-9573-F8F91D8000BC}.Debug|Any CPU.ActiveCfg = Debug|Any CPU
		{17004EEA-0459-48B3-9573-F8F91D8000BC}.Debug|Any CPU.Build.0 = Debug|Any CPU
		{17004EEA-0459-48B3-9573-F8F91D8000BC}.Debug|ARM.ActiveCfg = Debug|Any CPU
		{17004EEA-0459-48B3-9573-F8F91D8000BC}.Debug|ARM.Build.0 = Debug|Any CPU
		{17004EEA-0459-48B3-9573-F8F91D8000BC}.Debug|x64.ActiveCfg = Debug|Any CPU
		{17004EEA-0459-48B3-9573-F8F91D8000BC}.Debug|x64.Build.0 = Debug|Any CPU
		{17004EEA-0459-48B3-9573-F8F91D8000BC}.Debug|x86.ActiveCfg = Debug|Any CPU
		{17004EEA-0459-48B3-9573-F8F91D8000BC}.Debug|x86.Build.0 = Debug|Any CPU
		{17004EEA-0459-48B3-9573-F8F91D8000BC}.Release|Any CPU.ActiveCfg = Release|Any CPU
		{17004EEA-0459-48B3-9573-F8F91D8000BC}.Release|Any CPU.Build.0 = Release|Any CPU
		{17004EEA-0459-48B3-9573-F8F91D8000BC}.Release|ARM.ActiveCfg = Release|Any CPU
		{17004EEA-0459-48B3-9573-F8F91D8000BC}.Release|ARM.Build.0 = Release|Any CPU
		{17004EEA-0459-48B3-9573-F8F91D8000BC}.Release|x64.ActiveCfg = Release|Any CPU
		{17004EEA-0459-48B3-9573-F8F91D8000BC}.Release|x64.Build.0 = Release|Any CPU
		{17004EEA-0459-48B3-9573-F8F91D8000BC}.Release|x86.ActiveCfg = Release|Any CPU
		{17004EEA-0459-48B3-9573-F8F91D8000BC}.Release|x86.Build.0 = Release|Any CPU
		{FF292B05-4D30-4945-BA44-29BCC319CEC4}.Debug|Any CPU.ActiveCfg = Debug|Any CPU
		{FF292B05-4D30-4945-BA44-29BCC319CEC4}.Debug|Any CPU.Build.0 = Debug|Any CPU
		{FF292B05-4D30-4945-BA44-29BCC319CEC4}.Debug|ARM.ActiveCfg = Debug|Any CPU
		{FF292B05-4D30-4945-BA44-29BCC319CEC4}.Debug|ARM.Build.0 = Debug|Any CPU
		{FF292B05-4D30-4945-BA44-29BCC319CEC4}.Debug|x64.ActiveCfg = Debug|Any CPU
		{FF292B05-4D30-4945-BA44-29BCC319CEC4}.Debug|x64.Build.0 = Debug|Any CPU
		{FF292B05-4D30-4945-BA44-29BCC319CEC4}.Debug|x86.ActiveCfg = Debug|Any CPU
		{FF292B05-4D30-4945-BA44-29BCC319CEC4}.Debug|x86.Build.0 = Debug|Any CPU
		{FF292B05-4D30-4945-BA44-29BCC319CEC4}.Release|Any CPU.ActiveCfg = Release|Any CPU
		{FF292B05-4D30-4945-BA44-29BCC319CEC4}.Release|Any CPU.Build.0 = Release|Any CPU
		{FF292B05-4D30-4945-BA44-29BCC319CEC4}.Release|ARM.ActiveCfg = Release|Any CPU
		{FF292B05-4D30-4945-BA44-29BCC319CEC4}.Release|ARM.Build.0 = Release|Any CPU
		{FF292B05-4D30-4945-BA44-29BCC319CEC4}.Release|x64.ActiveCfg = Release|Any CPU
		{FF292B05-4D30-4945-BA44-29BCC319CEC4}.Release|x64.Build.0 = Release|Any CPU
		{FF292B05-4D30-4945-BA44-29BCC319CEC4}.Release|x86.ActiveCfg = Release|Any CPU
		{FF292B05-4D30-4945-BA44-29BCC319CEC4}.Release|x86.Build.0 = Release|Any CPU
		{E99886C0-27D9-4429-B549-CDA5C9D3BB1A}.Debug|Any CPU.ActiveCfg = Debug|Any CPU
		{E99886C0-27D9-4429-B549-CDA5C9D3BB1A}.Debug|Any CPU.Build.0 = Debug|Any CPU
		{E99886C0-27D9-4429-B549-CDA5C9D3BB1A}.Debug|ARM.ActiveCfg = Debug|Any CPU
		{E99886C0-27D9-4429-B549-CDA5C9D3BB1A}.Debug|ARM.Build.0 = Debug|Any CPU
		{E99886C0-27D9-4429-B549-CDA5C9D3BB1A}.Debug|x64.ActiveCfg = Debug|Any CPU
		{E99886C0-27D9-4429-B549-CDA5C9D3BB1A}.Debug|x64.Build.0 = Debug|Any CPU
		{E99886C0-27D9-4429-B549-CDA5C9D3BB1A}.Debug|x86.ActiveCfg = Debug|Any CPU
		{E99886C0-27D9-4429-B549-CDA5C9D3BB1A}.Debug|x86.Build.0 = Debug|Any CPU
		{E99886C0-27D9-4429-B549-CDA5C9D3BB1A}.Release|Any CPU.ActiveCfg = Release|Any CPU
		{E99886C0-27D9-4429-B549-CDA5C9D3BB1A}.Release|Any CPU.Build.0 = Release|Any CPU
		{E99886C0-27D9-4429-B549-CDA5C9D3BB1A}.Release|ARM.ActiveCfg = Release|Any CPU
		{E99886C0-27D9-4429-B549-CDA5C9D3BB1A}.Release|ARM.Build.0 = Release|Any CPU
		{E99886C0-27D9-4429-B549-CDA5C9D3BB1A}.Release|x64.ActiveCfg = Release|Any CPU
		{E99886C0-27D9-4429-B549-CDA5C9D3BB1A}.Release|x64.Build.0 = Release|Any CPU
		{E99886C0-27D9-4429-B549-CDA5C9D3BB1A}.Release|x86.ActiveCfg = Release|Any CPU
		{E99886C0-27D9-4429-B549-CDA5C9D3BB1A}.Release|x86.Build.0 = Release|Any CPU
		{F9522898-5249-437F-801A-DC45E81313BA}.Debug|Any CPU.ActiveCfg = Debug|Any CPU
		{F9522898-5249-437F-801A-DC45E81313BA}.Debug|Any CPU.Build.0 = Debug|Any CPU
		{F9522898-5249-437F-801A-DC45E81313BA}.Debug|ARM.ActiveCfg = Debug|Any CPU
		{F9522898-5249-437F-801A-DC45E81313BA}.Debug|ARM.Build.0 = Debug|Any CPU
		{F9522898-5249-437F-801A-DC45E81313BA}.Debug|x64.ActiveCfg = Debug|Any CPU
		{F9522898-5249-437F-801A-DC45E81313BA}.Debug|x64.Build.0 = Debug|Any CPU
		{F9522898-5249-437F-801A-DC45E81313BA}.Debug|x86.ActiveCfg = Debug|Any CPU
		{F9522898-5249-437F-801A-DC45E81313BA}.Debug|x86.Build.0 = Debug|Any CPU
		{F9522898-5249-437F-801A-DC45E81313BA}.Release|Any CPU.ActiveCfg = Release|Any CPU
		{F9522898-5249-437F-801A-DC45E81313BA}.Release|Any CPU.Build.0 = Release|Any CPU
		{F9522898-5249-437F-801A-DC45E81313BA}.Release|ARM.ActiveCfg = Release|Any CPU
		{F9522898-5249-437F-801A-DC45E81313BA}.Release|ARM.Build.0 = Release|Any CPU
		{F9522898-5249-437F-801A-DC45E81313BA}.Release|x64.ActiveCfg = Release|Any CPU
		{F9522898-5249-437F-801A-DC45E81313BA}.Release|x64.Build.0 = Release|Any CPU
		{F9522898-5249-437F-801A-DC45E81313BA}.Release|x86.ActiveCfg = Release|Any CPU
		{F9522898-5249-437F-801A-DC45E81313BA}.Release|x86.Build.0 = Release|Any CPU
		{F1D6634B-43A2-4BE6-A49E-9B55298978D6}.Debug|Any CPU.ActiveCfg = Debug|Any CPU
		{F1D6634B-43A2-4BE6-A49E-9B55298978D6}.Debug|Any CPU.Build.0 = Debug|Any CPU
		{F1D6634B-43A2-4BE6-A49E-9B55298978D6}.Debug|ARM.ActiveCfg = Debug|Any CPU
		{F1D6634B-43A2-4BE6-A49E-9B55298978D6}.Debug|ARM.Build.0 = Debug|Any CPU
		{F1D6634B-43A2-4BE6-A49E-9B55298978D6}.Debug|x64.ActiveCfg = Debug|Any CPU
		{F1D6634B-43A2-4BE6-A49E-9B55298978D6}.Debug|x64.Build.0 = Debug|Any CPU
		{F1D6634B-43A2-4BE6-A49E-9B55298978D6}.Debug|x86.ActiveCfg = Debug|Any CPU
		{F1D6634B-43A2-4BE6-A49E-9B55298978D6}.Debug|x86.Build.0 = Debug|Any CPU
		{F1D6634B-43A2-4BE6-A49E-9B55298978D6}.Release|Any CPU.ActiveCfg = Release|Any CPU
		{F1D6634B-43A2-4BE6-A49E-9B55298978D6}.Release|Any CPU.Build.0 = Release|Any CPU
		{F1D6634B-43A2-4BE6-A49E-9B55298978D6}.Release|ARM.ActiveCfg = Release|Any CPU
		{F1D6634B-43A2-4BE6-A49E-9B55298978D6}.Release|ARM.Build.0 = Release|Any CPU
		{F1D6634B-43A2-4BE6-A49E-9B55298978D6}.Release|x64.ActiveCfg = Release|Any CPU
		{F1D6634B-43A2-4BE6-A49E-9B55298978D6}.Release|x64.Build.0 = Release|Any CPU
		{F1D6634B-43A2-4BE6-A49E-9B55298978D6}.Release|x86.ActiveCfg = Release|Any CPU
		{F1D6634B-43A2-4BE6-A49E-9B55298978D6}.Release|x86.Build.0 = Release|Any CPU
		{375F55B3-9C64-4701-BD1C-B69D2B672C68}.Debug|Any CPU.ActiveCfg = Debug|Any CPU
		{375F55B3-9C64-4701-BD1C-B69D2B672C68}.Debug|Any CPU.Build.0 = Debug|Any CPU
		{375F55B3-9C64-4701-BD1C-B69D2B672C68}.Debug|ARM.ActiveCfg = Debug|Any CPU
		{375F55B3-9C64-4701-BD1C-B69D2B672C68}.Debug|ARM.Build.0 = Debug|Any CPU
		{375F55B3-9C64-4701-BD1C-B69D2B672C68}.Debug|x64.ActiveCfg = Debug|Any CPU
		{375F55B3-9C64-4701-BD1C-B69D2B672C68}.Debug|x64.Build.0 = Debug|Any CPU
		{375F55B3-9C64-4701-BD1C-B69D2B672C68}.Debug|x86.ActiveCfg = Debug|Any CPU
		{375F55B3-9C64-4701-BD1C-B69D2B672C68}.Debug|x86.Build.0 = Debug|Any CPU
		{375F55B3-9C64-4701-BD1C-B69D2B672C68}.Release|Any CPU.ActiveCfg = Release|Any CPU
		{375F55B3-9C64-4701-BD1C-B69D2B672C68}.Release|Any CPU.Build.0 = Release|Any CPU
		{375F55B3-9C64-4701-BD1C-B69D2B672C68}.Release|ARM.ActiveCfg = Release|Any CPU
		{375F55B3-9C64-4701-BD1C-B69D2B672C68}.Release|ARM.Build.0 = Release|Any CPU
		{375F55B3-9C64-4701-BD1C-B69D2B672C68}.Release|x64.ActiveCfg = Release|Any CPU
		{375F55B3-9C64-4701-BD1C-B69D2B672C68}.Release|x64.Build.0 = Release|Any CPU
		{375F55B3-9C64-4701-BD1C-B69D2B672C68}.Release|x86.ActiveCfg = Release|Any CPU
		{375F55B3-9C64-4701-BD1C-B69D2B672C68}.Release|x86.Build.0 = Release|Any CPU
		{72D26AA4-0A42-4B58-A035-84956AB939B1}.Debug|Any CPU.ActiveCfg = Debug|Any CPU
		{72D26AA4-0A42-4B58-A035-84956AB939B1}.Debug|Any CPU.Build.0 = Debug|Any CPU
		{72D26AA4-0A42-4B58-A035-84956AB939B1}.Debug|ARM.ActiveCfg = Debug|Any CPU
		{72D26AA4-0A42-4B58-A035-84956AB939B1}.Debug|ARM.Build.0 = Debug|Any CPU
		{72D26AA4-0A42-4B58-A035-84956AB939B1}.Debug|x64.ActiveCfg = Debug|Any CPU
		{72D26AA4-0A42-4B58-A035-84956AB939B1}.Debug|x64.Build.0 = Debug|Any CPU
		{72D26AA4-0A42-4B58-A035-84956AB939B1}.Debug|x86.ActiveCfg = Debug|Any CPU
		{72D26AA4-0A42-4B58-A035-84956AB939B1}.Debug|x86.Build.0 = Debug|Any CPU
		{72D26AA4-0A42-4B58-A035-84956AB939B1}.Release|Any CPU.ActiveCfg = Release|Any CPU
		{72D26AA4-0A42-4B58-A035-84956AB939B1}.Release|Any CPU.Build.0 = Release|Any CPU
		{72D26AA4-0A42-4B58-A035-84956AB939B1}.Release|ARM.ActiveCfg = Release|Any CPU
		{72D26AA4-0A42-4B58-A035-84956AB939B1}.Release|ARM.Build.0 = Release|Any CPU
		{72D26AA4-0A42-4B58-A035-84956AB939B1}.Release|x64.ActiveCfg = Release|Any CPU
		{72D26AA4-0A42-4B58-A035-84956AB939B1}.Release|x64.Build.0 = Release|Any CPU
		{72D26AA4-0A42-4B58-A035-84956AB939B1}.Release|x86.ActiveCfg = Release|Any CPU
		{72D26AA4-0A42-4B58-A035-84956AB939B1}.Release|x86.Build.0 = Release|Any CPU
	EndGlobalSection
	GlobalSection(SolutionProperties) = preSolution
		HideSolutionNode = FALSE
	EndGlobalSection
	GlobalSection(NestedProjects) = preSolution
		{6A85A688-D383-4629-B339-A027870EBFFF} = {13071AD7-A857-404E-9D17-8F5E94B4D233}
		{CDBA5FC6-C544-4817-ADCF-2C07D404CCAE} = {13071AD7-A857-404E-9D17-8F5E94B4D233}
		{D98A6F4F-D355-49CC-A067-BA1DBA8FA80C} = {13071AD7-A857-404E-9D17-8F5E94B4D233}
		{B7973B9F-7AC3-4D73-B23A-94627E86B202} = {178C34EB-5E5D-4D67-A372-84E7A7BF8CA5}
		{D9A8FB2A-FC1A-4A2B-A5A3-17D72B712A04} = {9F90CBB9-AA6D-4C33-86D7-93E2F5E51E93}
		{1362A48A-D27E-4C44-8B68-37DD0CE23D6C} = {9F90CBB9-AA6D-4C33-86D7-93E2F5E51E93}
		{EBC40E4E-DB5B-4EC0-9186-860350D2A4CF} = {CDBA5FC6-C544-4817-ADCF-2C07D404CCAE}
		{2F97D51E-30CE-4F98-A9CC-64AD0F57406A} = {CDBA5FC6-C544-4817-ADCF-2C07D404CCAE}
		{6B9CE3E8-68DA-4EB9-8362-58A289B51E76} = {D98A6F4F-D355-49CC-A067-BA1DBA8FA80C}
		{9D9BFCFF-7408-4518-91C0-9BD523D33B92} = {D98A6F4F-D355-49CC-A067-BA1DBA8FA80C}
		{BAD50507-B3A7-4B18-A870-A7AF22D5EBD3} = {D98A6F4F-D355-49CC-A067-BA1DBA8FA80C}
		{BE45AE0E-0D29-4782-B06D-C733EBBEF95E} = {D98A6F4F-D355-49CC-A067-BA1DBA8FA80C}
		{A55C060A-C3BF-4EB6-8439-CD5DC3614CFD} = {76C51E7F-5032-4DFB-9EB1-D83956F3A5D5}
		{5FD3A38E-D96D-4749-A8D3-D1F8D769D65B} = {76C51E7F-5032-4DFB-9EB1-D83956F3A5D5}
		{6F0497E4-0698-4AE0-B2C8-0CDC87C2FF10} = {76C51E7F-5032-4DFB-9EB1-D83956F3A5D5}
		{009B5CDE-139D-480A-A77D-C69CDC8A24A6} = {6A85A688-D383-4629-B339-A027870EBFFF}
		{17004EEA-0459-48B3-9573-F8F91D8000BC} = {6A85A688-D383-4629-B339-A027870EBFFF}
		{FF292B05-4D30-4945-BA44-29BCC319CEC4} = {9F90CBB9-AA6D-4C33-86D7-93E2F5E51E93}
		{E99886C0-27D9-4429-B549-CDA5C9D3BB1A} = {51044EFC-2547-49AD-9943-BD34A3C52CA0}
		{F9522898-5249-437F-801A-DC45E81313BA} = {51044EFC-2547-49AD-9943-BD34A3C52CA0}
		{F1D6634B-43A2-4BE6-A49E-9B55298978D6} = {51044EFC-2547-49AD-9943-BD34A3C52CA0}
		{375F55B3-9C64-4701-BD1C-B69D2B672C68} = {15C0BB84-7846-4AB3-9AE3-E9806FCD1E66}
		{72D26AA4-0A42-4B58-A035-84956AB939B1} = {15C0BB84-7846-4AB3-9AE3-E9806FCD1E66}
		{51044EFC-2547-49AD-9943-BD34A3C52CA0} = {15C0BB84-7846-4AB3-9AE3-E9806FCD1E66}
	EndGlobalSection
	GlobalSection(ExtensibilityGlobals) = postSolution
		SolutionGuid = {9635AA6A-D6B4-4C8A-8817-E462D61B3BF9}
	EndGlobalSection
EndGlobal
