
Microsoft Visual Studio Solution File, Format Version 12.00
# Visual Studio 14
VisualStudioVersion = 14.0.25123.0
MinimumVisualStudioVersion = 10.0.40219.1
Project("{FAE04EC0-301F-11D3-BF4B-00C04F79EFBC}") = "Markify", "src\Markify\Markify.csproj", "{B7973B9F-7AC3-4D73-B23A-94627E86B202}"
EndProject
Project("{2150E333-8FDC-42A3-9474-1A3956D46DE8}") = "src", "src", "{41C416FB-0EFB-4217-BB20-63F50AF46B35}"
EndProject
Project("{FAE04EC0-301F-11D3-BF4B-00C04F79EFBC}") = "Markify.Models", "src\Markify.Models\Markify.Models.csproj", "{1ED3438E-43D2-4A42-BB16-84ED99D29161}"
EndProject
Project("{FAE04EC0-301F-11D3-BF4B-00C04F79EFBC}") = "Markify.Processors", "src\Markify.Converter\Markify.Processors.csproj", "{8833BF6E-806F-483D-BA70-FF92B09E625D}"
EndProject
Project("{2150E333-8FDC-42A3-9474-1A3956D46DE8}") = "tests", "tests", "{E13F561B-BF8E-4A67-AC18-EC85159ECFAA}"
EndProject
Project("{F2A71F9B-5D33-465A-A702-920D77279786}") = "Markify.Roslyn", "src\Markify.Roslyn\Markify.Roslyn.fsproj", "{2940AD3D-13E8-4025-860C-47FC94932B52}"
EndProject
Project("{F2A71F9B-5D33-465A-A702-920D77279786}") = "Markify.Roslyn.Tests", "tests\Markify.Roslyn.Tests\Markify.Roslyn.Tests.fsproj", "{DB454C1B-17C7-4499-B627-B5058BBFB639}"
EndProject
Project("{FAE04EC0-301F-11D3-BF4B-00C04F79EFBC}") = "Markify.Fixtures", "tests\Markify.Fixtures\Markify.Fixtures.csproj", "{1435B850-0FFC-4E4B-B74C-C72EB6723A61}"
EndProject
Global
	GlobalSection(SolutionConfigurationPlatforms) = preSolution
		Debug|Any CPU = Debug|Any CPU
		Debug|ARM = Debug|ARM
		Debug|x64 = Debug|x64
		Debug|x86 = Debug|x86
		Release|Any CPU = Release|Any CPU
		Release|ARM = Release|ARM
		Release|x64 = Release|x64
		Release|x86 = Release|x86
	EndGlobalSection
	GlobalSection(ProjectConfigurationPlatforms) = postSolution
		{B7973B9F-7AC3-4D73-B23A-94627E86B202}.Debug|Any CPU.ActiveCfg = Debug|Any CPU
		{B7973B9F-7AC3-4D73-B23A-94627E86B202}.Debug|Any CPU.Build.0 = Debug|Any CPU
		{B7973B9F-7AC3-4D73-B23A-94627E86B202}.Debug|ARM.ActiveCfg = Debug|Any CPU
		{B7973B9F-7AC3-4D73-B23A-94627E86B202}.Debug|ARM.Build.0 = Debug|Any CPU
		{B7973B9F-7AC3-4D73-B23A-94627E86B202}.Debug|x64.ActiveCfg = Debug|Any CPU
		{B7973B9F-7AC3-4D73-B23A-94627E86B202}.Debug|x64.Build.0 = Debug|Any CPU
		{B7973B9F-7AC3-4D73-B23A-94627E86B202}.Debug|x86.ActiveCfg = Debug|Any CPU
		{B7973B9F-7AC3-4D73-B23A-94627E86B202}.Debug|x86.Build.0 = Debug|Any CPU
		{B7973B9F-7AC3-4D73-B23A-94627E86B202}.Release|Any CPU.ActiveCfg = Release|Any CPU
		{B7973B9F-7AC3-4D73-B23A-94627E86B202}.Release|Any CPU.Build.0 = Release|Any CPU
		{B7973B9F-7AC3-4D73-B23A-94627E86B202}.Release|ARM.ActiveCfg = Release|Any CPU
		{B7973B9F-7AC3-4D73-B23A-94627E86B202}.Release|ARM.Build.0 = Release|Any CPU
		{B7973B9F-7AC3-4D73-B23A-94627E86B202}.Release|x64.ActiveCfg = Release|Any CPU
		{B7973B9F-7AC3-4D73-B23A-94627E86B202}.Release|x64.Build.0 = Release|Any CPU
		{B7973B9F-7AC3-4D73-B23A-94627E86B202}.Release|x86.ActiveCfg = Release|Any CPU
		{B7973B9F-7AC3-4D73-B23A-94627E86B202}.Release|x86.Build.0 = Release|Any CPU
		{1ED3438E-43D2-4A42-BB16-84ED99D29161}.Debug|Any CPU.ActiveCfg = Debug|Any CPU
		{1ED3438E-43D2-4A42-BB16-84ED99D29161}.Debug|Any CPU.Build.0 = Debug|Any CPU
		{1ED3438E-43D2-4A42-BB16-84ED99D29161}.Debug|ARM.ActiveCfg = Debug|Any CPU
		{1ED3438E-43D2-4A42-BB16-84ED99D29161}.Debug|ARM.Build.0 = Debug|Any CPU
		{1ED3438E-43D2-4A42-BB16-84ED99D29161}.Debug|x64.ActiveCfg = Debug|Any CPU
		{1ED3438E-43D2-4A42-BB16-84ED99D29161}.Debug|x64.Build.0 = Debug|Any CPU
		{1ED3438E-43D2-4A42-BB16-84ED99D29161}.Debug|x86.ActiveCfg = Debug|Any CPU
		{1ED3438E-43D2-4A42-BB16-84ED99D29161}.Debug|x86.Build.0 = Debug|Any CPU
		{1ED3438E-43D2-4A42-BB16-84ED99D29161}.Release|Any CPU.ActiveCfg = Release|Any CPU
		{1ED3438E-43D2-4A42-BB16-84ED99D29161}.Release|Any CPU.Build.0 = Release|Any CPU
		{1ED3438E-43D2-4A42-BB16-84ED99D29161}.Release|ARM.ActiveCfg = Release|Any CPU
		{1ED3438E-43D2-4A42-BB16-84ED99D29161}.Release|ARM.Build.0 = Release|Any CPU
		{1ED3438E-43D2-4A42-BB16-84ED99D29161}.Release|x64.ActiveCfg = Release|Any CPU
		{1ED3438E-43D2-4A42-BB16-84ED99D29161}.Release|x64.Build.0 = Release|Any CPU
		{1ED3438E-43D2-4A42-BB16-84ED99D29161}.Release|x86.ActiveCfg = Release|Any CPU
		{1ED3438E-43D2-4A42-BB16-84ED99D29161}.Release|x86.Build.0 = Release|Any CPU
		{8833BF6E-806F-483D-BA70-FF92B09E625D}.Debug|Any CPU.ActiveCfg = Debug|Any CPU
		{8833BF6E-806F-483D-BA70-FF92B09E625D}.Debug|Any CPU.Build.0 = Debug|Any CPU
		{8833BF6E-806F-483D-BA70-FF92B09E625D}.Debug|ARM.ActiveCfg = Debug|Any CPU
		{8833BF6E-806F-483D-BA70-FF92B09E625D}.Debug|ARM.Build.0 = Debug|Any CPU
		{8833BF6E-806F-483D-BA70-FF92B09E625D}.Debug|x64.ActiveCfg = Debug|Any CPU
		{8833BF6E-806F-483D-BA70-FF92B09E625D}.Debug|x64.Build.0 = Debug|Any CPU
		{8833BF6E-806F-483D-BA70-FF92B09E625D}.Debug|x86.ActiveCfg = Debug|Any CPU
		{8833BF6E-806F-483D-BA70-FF92B09E625D}.Debug|x86.Build.0 = Debug|Any CPU
		{8833BF6E-806F-483D-BA70-FF92B09E625D}.Release|Any CPU.ActiveCfg = Release|Any CPU
		{8833BF6E-806F-483D-BA70-FF92B09E625D}.Release|Any CPU.Build.0 = Release|Any CPU
		{8833BF6E-806F-483D-BA70-FF92B09E625D}.Release|ARM.ActiveCfg = Release|Any CPU
		{8833BF6E-806F-483D-BA70-FF92B09E625D}.Release|ARM.Build.0 = Release|Any CPU
		{8833BF6E-806F-483D-BA70-FF92B09E625D}.Release|x64.ActiveCfg = Release|Any CPU
		{8833BF6E-806F-483D-BA70-FF92B09E625D}.Release|x64.Build.0 = Release|Any CPU
		{8833BF6E-806F-483D-BA70-FF92B09E625D}.Release|x86.ActiveCfg = Release|Any CPU
		{8833BF6E-806F-483D-BA70-FF92B09E625D}.Release|x86.Build.0 = Release|Any CPU
		{2940AD3D-13E8-4025-860C-47FC94932B52}.Debug|Any CPU.ActiveCfg = Debug|Any CPU
		{2940AD3D-13E8-4025-860C-47FC94932B52}.Debug|Any CPU.Build.0 = Debug|Any CPU
		{2940AD3D-13E8-4025-860C-47FC94932B52}.Debug|ARM.ActiveCfg = Debug|Any CPU
		{2940AD3D-13E8-4025-860C-47FC94932B52}.Debug|ARM.Build.0 = Debug|Any CPU
		{2940AD3D-13E8-4025-860C-47FC94932B52}.Debug|x64.ActiveCfg = Debug|Any CPU
		{2940AD3D-13E8-4025-860C-47FC94932B52}.Debug|x64.Build.0 = Debug|Any CPU
		{2940AD3D-13E8-4025-860C-47FC94932B52}.Debug|x86.ActiveCfg = Debug|Any CPU
		{2940AD3D-13E8-4025-860C-47FC94932B52}.Debug|x86.Build.0 = Debug|Any CPU
		{2940AD3D-13E8-4025-860C-47FC94932B52}.Release|Any CPU.ActiveCfg = Release|Any CPU
		{2940AD3D-13E8-4025-860C-47FC94932B52}.Release|Any CPU.Build.0 = Release|Any CPU
		{2940AD3D-13E8-4025-860C-47FC94932B52}.Release|ARM.ActiveCfg = Release|Any CPU
		{2940AD3D-13E8-4025-860C-47FC94932B52}.Release|ARM.Build.0 = Release|Any CPU
		{2940AD3D-13E8-4025-860C-47FC94932B52}.Release|x64.ActiveCfg = Release|Any CPU
		{2940AD3D-13E8-4025-860C-47FC94932B52}.Release|x64.Build.0 = Release|Any CPU
		{2940AD3D-13E8-4025-860C-47FC94932B52}.Release|x86.ActiveCfg = Release|Any CPU
		{2940AD3D-13E8-4025-860C-47FC94932B52}.Release|x86.Build.0 = Release|Any CPU
		{DB454C1B-17C7-4499-B627-B5058BBFB639}.Debug|Any CPU.ActiveCfg = Debug|Any CPU
		{DB454C1B-17C7-4499-B627-B5058BBFB639}.Debug|Any CPU.Build.0 = Debug|Any CPU
		{DB454C1B-17C7-4499-B627-B5058BBFB639}.Debug|ARM.ActiveCfg = Debug|Any CPU
		{DB454C1B-17C7-4499-B627-B5058BBFB639}.Debug|ARM.Build.0 = Debug|Any CPU
		{DB454C1B-17C7-4499-B627-B5058BBFB639}.Debug|x64.ActiveCfg = Debug|Any CPU
		{DB454C1B-17C7-4499-B627-B5058BBFB639}.Debug|x64.Build.0 = Debug|Any CPU
		{DB454C1B-17C7-4499-B627-B5058BBFB639}.Debug|x86.ActiveCfg = Debug|Any CPU
		{DB454C1B-17C7-4499-B627-B5058BBFB639}.Debug|x86.Build.0 = Debug|Any CPU
		{DB454C1B-17C7-4499-B627-B5058BBFB639}.Release|Any CPU.ActiveCfg = Release|Any CPU
		{DB454C1B-17C7-4499-B627-B5058BBFB639}.Release|Any CPU.Build.0 = Release|Any CPU
		{DB454C1B-17C7-4499-B627-B5058BBFB639}.Release|ARM.ActiveCfg = Release|Any CPU
		{DB454C1B-17C7-4499-B627-B5058BBFB639}.Release|ARM.Build.0 = Release|Any CPU
		{DB454C1B-17C7-4499-B627-B5058BBFB639}.Release|x64.ActiveCfg = Release|Any CPU
		{DB454C1B-17C7-4499-B627-B5058BBFB639}.Release|x64.Build.0 = Release|Any CPU
		{DB454C1B-17C7-4499-B627-B5058BBFB639}.Release|x86.ActiveCfg = Release|Any CPU
		{DB454C1B-17C7-4499-B627-B5058BBFB639}.Release|x86.Build.0 = Release|Any CPU
		{1435B850-0FFC-4E4B-B74C-C72EB6723A61}.Debug|Any CPU.ActiveCfg = Debug|Any CPU
		{1435B850-0FFC-4E4B-B74C-C72EB6723A61}.Debug|Any CPU.Build.0 = Debug|Any CPU
		{1435B850-0FFC-4E4B-B74C-C72EB6723A61}.Debug|ARM.ActiveCfg = Debug|Any CPU
		{1435B850-0FFC-4E4B-B74C-C72EB6723A61}.Debug|ARM.Build.0 = Debug|Any CPU
		{1435B850-0FFC-4E4B-B74C-C72EB6723A61}.Debug|x64.ActiveCfg = Debug|Any CPU
		{1435B850-0FFC-4E4B-B74C-C72EB6723A61}.Debug|x64.Build.0 = Debug|Any CPU
		{1435B850-0FFC-4E4B-B74C-C72EB6723A61}.Debug|x86.ActiveCfg = Debug|Any CPU
		{1435B850-0FFC-4E4B-B74C-C72EB6723A61}.Debug|x86.Build.0 = Debug|Any CPU
		{1435B850-0FFC-4E4B-B74C-C72EB6723A61}.Release|Any CPU.ActiveCfg = Release|Any CPU
		{1435B850-0FFC-4E4B-B74C-C72EB6723A61}.Release|Any CPU.Build.0 = Release|Any CPU
		{1435B850-0FFC-4E4B-B74C-C72EB6723A61}.Release|ARM.ActiveCfg = Release|Any CPU
		{1435B850-0FFC-4E4B-B74C-C72EB6723A61}.Release|ARM.Build.0 = Release|Any CPU
		{1435B850-0FFC-4E4B-B74C-C72EB6723A61}.Release|x64.ActiveCfg = Release|Any CPU
		{1435B850-0FFC-4E4B-B74C-C72EB6723A61}.Release|x64.Build.0 = Release|Any CPU
		{1435B850-0FFC-4E4B-B74C-C72EB6723A61}.Release|x86.ActiveCfg = Release|Any CPU
		{1435B850-0FFC-4E4B-B74C-C72EB6723A61}.Release|x86.Build.0 = Release|Any CPU
	EndGlobalSection
	GlobalSection(SolutionProperties) = preSolution
		HideSolutionNode = FALSE
	EndGlobalSection
	GlobalSection(NestedProjects) = preSolution
		{B7973B9F-7AC3-4D73-B23A-94627E86B202} = {41C416FB-0EFB-4217-BB20-63F50AF46B35}
		{1ED3438E-43D2-4A42-BB16-84ED99D29161} = {41C416FB-0EFB-4217-BB20-63F50AF46B35}
		{8833BF6E-806F-483D-BA70-FF92B09E625D} = {41C416FB-0EFB-4217-BB20-63F50AF46B35}
		{2940AD3D-13E8-4025-860C-47FC94932B52} = {41C416FB-0EFB-4217-BB20-63F50AF46B35}
		{DB454C1B-17C7-4499-B627-B5058BBFB639} = {E13F561B-BF8E-4A67-AC18-EC85159ECFAA}
		{1435B850-0FFC-4E4B-B74C-C72EB6723A61} = {E13F561B-BF8E-4A67-AC18-EC85159ECFAA}
	EndGlobalSection
EndGlobal
